// !$*UTF8*$!
{
	archiveVersion = 1;
	classes = {
	};
	objectVersion = 46;
	objects = {

/* Begin PBXBuildFile section */
		2B47FFC1173B91AB00A243BE /* FacebookSDKResources.bundle in Resources */ = {isa = PBXBuildFile; fileRef = 2B47FFC0173B91AB00A243BE /* FacebookSDKResources.bundle */; };
		2B47FFC3173B925500A243BE /* FacebookSDK.framework in Frameworks */ = {isa = PBXBuildFile; fileRef = 2B47FFC2173B925500A243BE /* FacebookSDK.framework */; };
		2B47FFC5173B927800A243BE /* Accounts.framework in Frameworks */ = {isa = PBXBuildFile; fileRef = 2B47FFC4173B927800A243BE /* Accounts.framework */; settings = {ATTRIBUTES = (Weak, ); }; };
		2B47FFC7173B928300A243BE /* libsqlite3.dylib in Frameworks */ = {isa = PBXBuildFile; fileRef = 2B47FFC6173B928300A243BE /* libsqlite3.dylib */; };
		2B47FFC9173B928C00A243BE /* Security.framework in Frameworks */ = {isa = PBXBuildFile; fileRef = 2B47FFC8173B928C00A243BE /* Security.framework */; };
		2B47FFCB173B929100A243BE /* Social.framework in Frameworks */ = {isa = PBXBuildFile; fileRef = 2B47FFCA173B929100A243BE /* Social.framework */; settings = {ATTRIBUTES = (Weak, ); }; };
		2B47FFD1173BA07500A243BE /* FBHelper.m in Sources */ = {isa = PBXBuildFile; fileRef = 2B47FFD0173BA07500A243BE /* FBHelper.m */; };
		2B47FFD5173BA28600A243BE /* HomeViewController.m in Sources */ = {isa = PBXBuildFile; fileRef = 2B47FFD3173BA28600A243BE /* HomeViewController.m */; };
		2B47FFD6173BA28600A243BE /* HomeViewController.xib in Resources */ = {isa = PBXBuildFile; fileRef = 2B47FFD4173BA28600A243BE /* HomeViewController.xib */; };
		2B47FFD9173BA58F00A243BE /* AdSupport.framework in Frameworks */ = {isa = PBXBuildFile; fileRef = 2B47FFD8173BA58F00A243BE /* AdSupport.framework */; settings = {ATTRIBUTES = (Weak, ); }; };
		2B622398173B80FF00E45770 /* UIKit.framework in Frameworks */ = {isa = PBXBuildFile; fileRef = 2B622397173B80FF00E45770 /* UIKit.framework */; };
		2B62239A173B80FF00E45770 /* Foundation.framework in Frameworks */ = {isa = PBXBuildFile; fileRef = 2B622399173B80FF00E45770 /* Foundation.framework */; };
		2B62239C173B80FF00E45770 /* CoreGraphics.framework in Frameworks */ = {isa = PBXBuildFile; fileRef = 2B62239B173B80FF00E45770 /* CoreGraphics.framework */; };
		2B6223A2173B80FF00E45770 /* InfoPlist.strings in Resources */ = {isa = PBXBuildFile; fileRef = 2B6223A0173B80FF00E45770 /* InfoPlist.strings */; };
		2B6223A4173B80FF00E45770 /* main.m in Sources */ = {isa = PBXBuildFile; fileRef = 2B6223A3173B80FF00E45770 /* main.m */; };
		2B6223A8173B80FF00E45770 /* AppDelegate.m in Sources */ = {isa = PBXBuildFile; fileRef = 2B6223A7173B80FF00E45770 /* AppDelegate.m */; };
		2B6223AA173B80FF00E45770 /* Default.png in Resources */ = {isa = PBXBuildFile; fileRef = 2B6223A9173B80FF00E45770 /* Default.png */; };
		2B6223AC173B80FF00E45770 /* Default@2x.png in Resources */ = {isa = PBXBuildFile; fileRef = 2B6223AB173B80FF00E45770 /* Default@2x.png */; };
		2B6223AE173B80FF00E45770 /* Default-568h@2x.png in Resources */ = {isa = PBXBuildFile; fileRef = 2B6223AD173B80FF00E45770 /* Default-568h@2x.png */; };
		2B6223B1173B80FF00E45770 /* MainStoryboard.storyboard in Resources */ = {isa = PBXBuildFile; fileRef = 2B6223AF173B80FF00E45770 /* MainStoryboard.storyboard */; };
		2B6223B4173B80FF00E45770 /* ViewController.m in Sources */ = {isa = PBXBuildFile; fileRef = 2B6223B3173B80FF00E45770 /* ViewController.m */; };
		2B6223BB173B817200E45770 /* CoreLocation.framework in Frameworks */ = {isa = PBXBuildFile; fileRef = 2B6223BA173B817200E45770 /* CoreLocation.framework */; };
		2B6223BF173B84B400E45770 /* LoginViewController.m in Sources */ = {isa = PBXBuildFile; fileRef = 2B6223BD173B84B400E45770 /* LoginViewController.m */; };
		2B6223C0173B84B400E45770 /* LoginViewController.xib in Resources */ = {isa = PBXBuildFile; fileRef = 2B6223BE173B84B400E45770 /* LoginViewController.xib */; };
		410EF76E174EEFE6008BDC74 /* NewPostViewController.m in Sources */ = {isa = PBXBuildFile; fileRef = 410EF76C174EEFE6008BDC74 /* NewPostViewController.m */; };
		410EF76F174EEFE6008BDC74 /* NewPostViewController.xib in Resources */ = {isa = PBXBuildFile; fileRef = 410EF76D174EEFE6008BDC74 /* NewPostViewController.xib */; };
		410EF780174F32AB008BDC74 /* 2-red-back-button.png in Resources */ = {isa = PBXBuildFile; fileRef = 410EF776174F32AA008BDC74 /* 2-red-back-button.png */; };
		410EF781174F32AB008BDC74 /* 2-red-back-button@2x.png in Resources */ = {isa = PBXBuildFile; fileRef = 410EF777174F32AA008BDC74 /* 2-red-back-button@2x.png */; };
		410EF782174F32AB008BDC74 /* 2-red-background.jpg in Resources */ = {isa = PBXBuildFile; fileRef = 410EF778174F32AA008BDC74 /* 2-red-background.jpg */; };
		410EF783174F32AB008BDC74 /* 2-red-background@2x.jpg in Resources */ = {isa = PBXBuildFile; fileRef = 410EF779174F32AA008BDC74 /* 2-red-background@2x.jpg */; };
		410EF784174F32AB008BDC74 /* 2-red-bar-button.png in Resources */ = {isa = PBXBuildFile; fileRef = 410EF77A174F32AA008BDC74 /* 2-red-bar-button.png */; };
		410EF785174F32AB008BDC74 /* 2-red-bar-button@2x.png in Resources */ = {isa = PBXBuildFile; fileRef = 410EF77B174F32AA008BDC74 /* 2-red-bar-button@2x.png */; };
		410EF786174F32AB008BDC74 /* 2-red-menu-bar.png in Resources */ = {isa = PBXBuildFile; fileRef = 410EF77C174F32AA008BDC74 /* 2-red-menu-bar.png */; };
		410EF787174F32AB008BDC74 /* 2-red-menu-bar@2x.png in Resources */ = {isa = PBXBuildFile; fileRef = 410EF77D174F32AA008BDC74 /* 2-red-menu-bar@2x.png */; };
		410EF788174F32AB008BDC74 /* 2-red-settings-button.png in Resources */ = {isa = PBXBuildFile; fileRef = 410EF77E174F32AB008BDC74 /* 2-red-settings-button.png */; };
		410EF789174F32AB008BDC74 /* 2-red-settings-button@2x.png in Resources */ = {isa = PBXBuildFile; fileRef = 410EF77F174F32AB008BDC74 /* 2-red-settings-button@2x.png */; };
		41126A86175899EF0094CC7E /* NSString+NSString_HTML.m in Sources */ = {isa = PBXBuildFile; fileRef = 41126A85175899EF0094CC7E /* NSString+NSString_HTML.m */; settings = {COMPILER_FLAGS = " -ObjC"; }; };
		41126A891758AF770094CC7E /* NotificationsCell.m in Sources */ = {isa = PBXBuildFile; fileRef = 41126A881758AF770094CC7E /* NotificationsCell.m */; };
		41126A8B1758AF980094CC7E /* NotificationsCell.xib in Resources */ = {isa = PBXBuildFile; fileRef = 41126A8A1758AF980094CC7E /* NotificationsCell.xib */; };
		411E5494174CB6CA0023163E /* Parse.framework in Frameworks */ = {isa = PBXBuildFile; fileRef = 411E5493174CB6CA0023163E /* Parse.framework */; };
		411E5496174CB70A0023163E /* AudioToolbox.framework in Frameworks */ = {isa = PBXBuildFile; fileRef = 411E5495174CB70A0023163E /* AudioToolbox.framework */; };
		411E5498174CB7120023163E /* CFNetwork.framework in Frameworks */ = {isa = PBXBuildFile; fileRef = 411E5497174CB7120023163E /* CFNetwork.framework */; };
		411E549A174CB72C0023163E /* libz.1.1.3.dylib in Frameworks */ = {isa = PBXBuildFile; fileRef = 411E5499174CB72C0023163E /* libz.1.1.3.dylib */; };
		411E549C174CB7350023163E /* MobileCoreServices.framework in Frameworks */ = {isa = PBXBuildFile; fileRef = 411E549B174CB7350023163E /* MobileCoreServices.framework */; };
		411E549E174CB7460023163E /* QuartzCore.framework in Frameworks */ = {isa = PBXBuildFile; fileRef = 411E549D174CB7460023163E /* QuartzCore.framework */; };
		411E54A0174CB75A0023163E /* StoreKit.framework in Frameworks */ = {isa = PBXBuildFile; fileRef = 411E549F174CB75A0023163E /* StoreKit.framework */; };
		411E54A2174CB7630023163E /* SystemConfiguration.framework in Frameworks */ = {isa = PBXBuildFile; fileRef = 411E54A1174CB7630023163E /* SystemConfiguration.framework */; };
		41371F97173DA1EF00C90900 /* Location.m in Sources */ = {isa = PBXBuildFile; fileRef = 41371F96173DA1EF00C90900 /* Location.m */; };
		41371FA0173DC59900C90900 /* MyFeedViewController.m in Sources */ = {isa = PBXBuildFile; fileRef = 41371F9E173DC59900C90900 /* MyFeedViewController.m */; };
		41371FA1173DC59900C90900 /* MyFeedViewController.xib in Resources */ = {isa = PBXBuildFile; fileRef = 41371F9F173DC59900C90900 /* MyFeedViewController.xib */; };
		413D9E4D175F335700FB6200 /* sign_out.png in Resources */ = {isa = PBXBuildFile; fileRef = 413D9E4C175F335700FB6200 /* sign_out.png */; };
		418832A61762097E00A84AAF /* CategoriesViewController.m in Sources */ = {isa = PBXBuildFile; fileRef = 418832A41762097E00A84AAF /* CategoriesViewController.m */; };
		418832A71762097E00A84AAF /* CategoriesViewController.xib in Resources */ = {isa = PBXBuildFile; fileRef = 418832A51762097E00A84AAF /* CategoriesViewController.xib */; };
		418F7F391755C5DD005387E7 /* check.png in Resources */ = {isa = PBXBuildFile; fileRef = 418F7F381755C5DD005387E7 /* check.png */; };
		418F7F3D1755EDCD005387E7 /* uncheck.png in Resources */ = {isa = PBXBuildFile; fileRef = 418F7F3C1755EDCD005387E7 /* uncheck.png */; };
		419BDB1B175FD1AA00CD1591 /* category_32.png in Resources */ = {isa = PBXBuildFile; fileRef = 419BDB1A175FD1AA00CD1591 /* category_32.png */; };
		41A7E3DD174E05B600F4E796 /* TabViewController.m in Sources */ = {isa = PBXBuildFile; fileRef = 41A7E3DB174E05B600F4E796 /* TabViewController.m */; };
		41A7E3DE174E05B600F4E796 /* TabViewController.xib in Resources */ = {isa = PBXBuildFile; fileRef = 41A7E3DC174E05B600F4E796 /* TabViewController.xib */; };
		41A7E3E2174E09D500F4E796 /* TBViewController.m in Sources */ = {isa = PBXBuildFile; fileRef = 41A7E3E0174E09D500F4E796 /* TBViewController.m */; };
		41A7E3E3174E09D500F4E796 /* TBViewController.xib in Resources */ = {isa = PBXBuildFile; fileRef = 41A7E3E1174E09D500F4E796 /* TBViewController.xib */; };
		41A7E3ED174E194B00F4E796 /* NotificationsViewController.m in Sources */ = {isa = PBXBuildFile; fileRef = 41A7E3EB174E194B00F4E796 /* NotificationsViewController.m */; };
		41A7E3EE174E194B00F4E796 /* NotificationsViewController.xib in Resources */ = {isa = PBXBuildFile; fileRef = 41A7E3EC174E194B00F4E796 /* NotificationsViewController.xib */; };
		41A7E3FD174E19CD00F4E796 /* GeoPostItViewController.m in Sources */ = {isa = PBXBuildFile; fileRef = 41A7E3FB174E19CD00F4E796 /* GeoPostItViewController.m */; };
		41A7E3FE174E19CD00F4E796 /* GeoPostItViewController.xib in Resources */ = {isa = PBXBuildFile; fileRef = 41A7E3FC174E19CD00F4E796 /* GeoPostItViewController.xib */; };
		41A7E403174E1A0800F4E796 /* ProfileViewController.m in Sources */ = {isa = PBXBuildFile; fileRef = 41A7E401174E1A0800F4E796 /* ProfileViewController.m */; };
		41A7E404174E1A0800F4E796 /* ProfileViewController.xib in Resources */ = {isa = PBXBuildFile; fileRef = 41A7E402174E1A0800F4E796 /* ProfileViewController.xib */; };
		41A7E406174E219100F4E796 /* message.png in Resources */ = {isa = PBXBuildFile; fileRef = 41A7E405174E219100F4E796 /* message.png */; };
		41A7E408174E21F100F4E796 /* man.png in Resources */ = {isa = PBXBuildFile; fileRef = 41A7E407174E21F100F4E796 /* man.png */; };
		41A7E40A174E221600F4E796 /* lightbulb-off.png in Resources */ = {isa = PBXBuildFile; fileRef = 41A7E409174E221600F4E796 /* lightbulb-off.png */; };
		41A7E40C174E223000F4E796 /* gear.png in Resources */ = {isa = PBXBuildFile; fileRef = 41A7E40B174E223000F4E796 /* gear.png */; };
		41A7E40F174E238F00F4E796 /* QuestionCell.m in Sources */ = {isa = PBXBuildFile; fileRef = 41A7E40E174E238F00F4E796 /* QuestionCell.m */; };
		41A7E411174E241600F4E796 /* QuestionCell.xib in Resources */ = {isa = PBXBuildFile; fileRef = 41A7E410174E241600F4E796 /* QuestionCell.xib */; };
		41B2C728175839FE00A6D3D6 /* chat-blank-128x128.png in Resources */ = {isa = PBXBuildFile; fileRef = 41B2C727175839FE00A6D3D6 /* chat-blank-128x128.png */; };
		41C48A93174F70D2004BC6CA /* write.png in Resources */ = {isa = PBXBuildFile; fileRef = 41C48A92174F70D2004BC6CA /* write.png */; };
		41C48A97174FED16004BC6CA /* PostItViewController.m in Sources */ = {isa = PBXBuildFile; fileRef = 41C48A95174FED16004BC6CA /* PostItViewController.m */; };
		41C48A98174FED16004BC6CA /* PostItViewController.xib in Resources */ = {isa = PBXBuildFile; fileRef = 41C48A96174FED16004BC6CA /* PostItViewController.xib */; };
		41C48A9D17500CDC004BC6CA /* MentionViewController.m in Sources */ = {isa = PBXBuildFile; fileRef = 41C48A9B17500CDC004BC6CA /* MentionViewController.m */; };
		41C48A9E17500CDC004BC6CA /* MentionViewController.xib in Resources */ = {isa = PBXBuildFile; fileRef = 41C48A9C17500CDC004BC6CA /* MentionViewController.xib */; };
		41C48AA01750F7C4004BC6CA /* map-pin.png in Resources */ = {isa = PBXBuildFile; fileRef = 41C48A9F1750F7C4004BC6CA /* map-pin.png */; };
		41C48AA21750F7E5004BC6CA /* pen.png in Resources */ = {isa = PBXBuildFile; fileRef = 41C48AA11750F7E5004BC6CA /* pen.png */; };
		41C48AA41750F7F0004BC6CA /* phone-book.png in Resources */ = {isa = PBXBuildFile; fileRef = 41C48AA31750F7F0004BC6CA /* phone-book.png */; };
		41C48AA61750F806004BC6CA /* search.png in Resources */ = {isa = PBXBuildFile; fileRef = 41C48AA51750F806004BC6CA /* search.png */; };
		41C48AA81750F81D004BC6CA /* speaker-electric.png in Resources */ = {isa = PBXBuildFile; fileRef = 41C48AA71750F81D004BC6CA /* speaker-electric.png */; };
		41C48AAA1750F830004BC6CA /* thumb-up.png in Resources */ = {isa = PBXBuildFile; fileRef = 41C48AA91750F830004BC6CA /* thumb-up.png */; };
		41C48AAD1750FEF2004BC6CA /* FriendTag.m in Sources */ = {isa = PBXBuildFile; fileRef = 41C48AAC1750FEF2004BC6CA /* FriendTag.m */; };
		41C48AB11751243F004BC6CA /* QAViewController.m in Sources */ = {isa = PBXBuildFile; fileRef = 41C48AAF1751243F004BC6CA /* QAViewController.m */; };
		41C48AB21751243F004BC6CA /* QAViewController.xib in Resources */ = {isa = PBXBuildFile; fileRef = 41C48AB01751243F004BC6CA /* QAViewController.xib */; };
		41C48AB6175133E6004BC6CA /* QA.m in Sources */ = {isa = PBXBuildFile; fileRef = 41C48AB5175133E6004BC6CA /* QA.m */; };
		41C48ABA175185C5004BC6CA /* AnswersParser.m in Sources */ = {isa = PBXBuildFile; fileRef = 41C48AB9175185C5004BC6CA /* AnswersParser.m */; };
		41C48B1E1751A4B3004BC6CA /* HttpManager.m in Sources */ = {isa = PBXBuildFile; fileRef = 41C48B1D1751A4B3004BC6CA /* HttpManager.m */; settings = {COMPILER_FLAGS = "-fno-objc-arc"; }; };
		41C48B241751EA2F004BC6CA /* QACell.m in Sources */ = {isa = PBXBuildFile; fileRef = 41C48B231751EA2F004BC6CA /* QACell.m */; };
		41C48B281751EAA9004BC6CA /* QACell.xib in Resources */ = {isa = PBXBuildFile; fileRef = 41C48B271751EAA9004BC6CA /* QACell.xib */; };
		41C48B2B17535268004BC6CA /* PostsFeedParser.m in Sources */ = {isa = PBXBuildFile; fileRef = 41C48B2A17535268004BC6CA /* PostsFeedParser.m */; };
		41C48B2E1753535B004BC6CA /* PostsFeed.m in Sources */ = {isa = PBXBuildFile; fileRef = 41C48B2D1753535B004BC6CA /* PostsFeed.m */; };
		41C48B311753E0C6004BC6CA /* plist.m in Sources */ = {isa = PBXBuildFile; fileRef = 41C48B301753E0C5004BC6CA /* plist.m */; };
		41C48B381753E673004BC6CA /* NewAnswerViewController.m in Sources */ = {isa = PBXBuildFile; fileRef = 41C48B361753E672004BC6CA /* NewAnswerViewController.m */; };
		41C48B391753E673004BC6CA /* NewAnswerViewController.xib in Resources */ = {isa = PBXBuildFile; fileRef = 41C48B371753E672004BC6CA /* NewAnswerViewController.xib */; };
		41C48B3C175409A1004BC6CA /* GeoPost.m in Sources */ = {isa = PBXBuildFile; fileRef = 41C48B3B175409A1004BC6CA /* GeoPost.m */; };
		41C48B3E17542340004BC6CA /* data.plist in Resources */ = {isa = PBXBuildFile; fileRef = 41C48B3D17542340004BC6CA /* data.plist */; };
		41D68F81176B1051005CD69F /* crossmark.png in Resources */ = {isa = PBXBuildFile; fileRef = 41D68F80176B1051005CD69F /* crossmark.png */; };
		41D68F83176B134E005CD69F /* man-icon.png in Resources */ = {isa = PBXBuildFile; fileRef = 41D68F82176B134E005CD69F /* man-icon.png */; };
/* End PBXBuildFile section */

/* Begin PBXFileReference section */
		2B47FFC0173B91AB00A243BE /* FacebookSDKResources.bundle */ = {isa = PBXFileReference; lastKnownFileType = "wrapper.plug-in"; path = FacebookSDKResources.bundle; sourceTree = "<group>"; };
		2B47FFC2173B925500A243BE /* FacebookSDK.framework */ = {isa = PBXFileReference; lastKnownFileType = wrapper.framework; path = FacebookSDK.framework; sourceTree = "<group>"; };
		2B47FFC4173B927800A243BE /* Accounts.framework */ = {isa = PBXFileReference; lastKnownFileType = wrapper.framework; name = Accounts.framework; path = System/Library/Frameworks/Accounts.framework; sourceTree = SDKROOT; };
		2B47FFC6173B928300A243BE /* libsqlite3.dylib */ = {isa = PBXFileReference; lastKnownFileType = "compiled.mach-o.dylib"; name = libsqlite3.dylib; path = usr/lib/libsqlite3.dylib; sourceTree = SDKROOT; };
		2B47FFC8173B928C00A243BE /* Security.framework */ = {isa = PBXFileReference; lastKnownFileType = wrapper.framework; name = Security.framework; path = System/Library/Frameworks/Security.framework; sourceTree = SDKROOT; };
		2B47FFCA173B929100A243BE /* Social.framework */ = {isa = PBXFileReference; lastKnownFileType = wrapper.framework; name = Social.framework; path = System/Library/Frameworks/Social.framework; sourceTree = SDKROOT; };
		2B47FFCF173BA07500A243BE /* FBHelper.h */ = {isa = PBXFileReference; fileEncoding = 4; lastKnownFileType = sourcecode.c.h; name = FBHelper.h; path = Facebook/FBHelper.h; sourceTree = "<group>"; };
		2B47FFD0173BA07500A243BE /* FBHelper.m */ = {isa = PBXFileReference; fileEncoding = 4; lastKnownFileType = sourcecode.c.objc; name = FBHelper.m; path = Facebook/FBHelper.m; sourceTree = "<group>"; };
		2B47FFD2173BA28600A243BE /* HomeViewController.h */ = {isa = PBXFileReference; fileEncoding = 4; lastKnownFileType = sourcecode.c.h; name = HomeViewController.h; path = smalltalk/Home/HomeViewController.h; sourceTree = "<group>"; };
		2B47FFD3173BA28600A243BE /* HomeViewController.m */ = {isa = PBXFileReference; fileEncoding = 4; lastKnownFileType = sourcecode.c.objc; name = HomeViewController.m; path = smalltalk/Home/HomeViewController.m; sourceTree = "<group>"; };
		2B47FFD4173BA28600A243BE /* HomeViewController.xib */ = {isa = PBXFileReference; fileEncoding = 4; lastKnownFileType = file.xib; name = HomeViewController.xib; path = smalltalk/Home/HomeViewController.xib; sourceTree = "<group>"; };
		2B47FFD8173BA58F00A243BE /* AdSupport.framework */ = {isa = PBXFileReference; lastKnownFileType = wrapper.framework; name = AdSupport.framework; path = System/Library/Frameworks/AdSupport.framework; sourceTree = SDKROOT; };
		2B622394173B80FF00E45770 /* smalltalk.app */ = {isa = PBXFileReference; explicitFileType = wrapper.application; includeInIndex = 0; path = smalltalk.app; sourceTree = BUILT_PRODUCTS_DIR; };
		2B622397173B80FF00E45770 /* UIKit.framework */ = {isa = PBXFileReference; lastKnownFileType = wrapper.framework; name = UIKit.framework; path = System/Library/Frameworks/UIKit.framework; sourceTree = SDKROOT; };
		2B622399173B80FF00E45770 /* Foundation.framework */ = {isa = PBXFileReference; lastKnownFileType = wrapper.framework; name = Foundation.framework; path = System/Library/Frameworks/Foundation.framework; sourceTree = SDKROOT; };
		2B62239B173B80FF00E45770 /* CoreGraphics.framework */ = {isa = PBXFileReference; lastKnownFileType = wrapper.framework; name = CoreGraphics.framework; path = System/Library/Frameworks/CoreGraphics.framework; sourceTree = SDKROOT; };
		2B62239F173B80FF00E45770 /* smalltalk-Info.plist */ = {isa = PBXFileReference; lastKnownFileType = text.plist.xml; path = "smalltalk-Info.plist"; sourceTree = "<group>"; };
		2B6223A1173B80FF00E45770 /* en */ = {isa = PBXFileReference; lastKnownFileType = text.plist.strings; name = en; path = en.lproj/InfoPlist.strings; sourceTree = "<group>"; };
		2B6223A3173B80FF00E45770 /* main.m */ = {isa = PBXFileReference; lastKnownFileType = sourcecode.c.objc; path = main.m; sourceTree = "<group>"; };
		2B6223A5173B80FF00E45770 /* smalltalk-Prefix.pch */ = {isa = PBXFileReference; lastKnownFileType = sourcecode.c.h; path = "smalltalk-Prefix.pch"; sourceTree = "<group>"; };
		2B6223A6173B80FF00E45770 /* AppDelegate.h */ = {isa = PBXFileReference; lastKnownFileType = sourcecode.c.h; path = AppDelegate.h; sourceTree = "<group>"; };
		2B6223A7173B80FF00E45770 /* AppDelegate.m */ = {isa = PBXFileReference; lastKnownFileType = sourcecode.c.objc; path = AppDelegate.m; sourceTree = "<group>"; };
		2B6223A9173B80FF00E45770 /* Default.png */ = {isa = PBXFileReference; lastKnownFileType = image.png; path = Default.png; sourceTree = "<group>"; };
		2B6223AB173B80FF00E45770 /* Default@2x.png */ = {isa = PBXFileReference; lastKnownFileType = image.png; path = "Default@2x.png"; sourceTree = "<group>"; };
		2B6223AD173B80FF00E45770 /* Default-568h@2x.png */ = {isa = PBXFileReference; lastKnownFileType = image.png; path = "Default-568h@2x.png"; sourceTree = "<group>"; };
		2B6223B0173B80FF00E45770 /* en */ = {isa = PBXFileReference; lastKnownFileType = file.storyboard; name = en; path = en.lproj/MainStoryboard.storyboard; sourceTree = "<group>"; };
		2B6223B2173B80FF00E45770 /* ViewController.h */ = {isa = PBXFileReference; lastKnownFileType = sourcecode.c.h; path = ViewController.h; sourceTree = "<group>"; };
		2B6223B3173B80FF00E45770 /* ViewController.m */ = {isa = PBXFileReference; lastKnownFileType = sourcecode.c.objc; path = ViewController.m; sourceTree = "<group>"; };
		2B6223BA173B817200E45770 /* CoreLocation.framework */ = {isa = PBXFileReference; lastKnownFileType = wrapper.framework; name = CoreLocation.framework; path = System/Library/Frameworks/CoreLocation.framework; sourceTree = SDKROOT; };
		2B6223BC173B84B400E45770 /* LoginViewController.h */ = {isa = PBXFileReference; fileEncoding = 4; lastKnownFileType = sourcecode.c.h; name = LoginViewController.h; path = Login/LoginViewController.h; sourceTree = "<group>"; };
		2B6223BD173B84B400E45770 /* LoginViewController.m */ = {isa = PBXFileReference; fileEncoding = 4; lastKnownFileType = sourcecode.c.objc; name = LoginViewController.m; path = Login/LoginViewController.m; sourceTree = "<group>"; };
		2B6223BE173B84B400E45770 /* LoginViewController.xib */ = {isa = PBXFileReference; fileEncoding = 4; lastKnownFileType = file.xib; name = LoginViewController.xib; path = Login/LoginViewController.xib; sourceTree = "<group>"; };
		410EF76B174EEFE6008BDC74 /* NewPostViewController.h */ = {isa = PBXFileReference; fileEncoding = 4; lastKnownFileType = sourcecode.c.h; path = NewPostViewController.h; sourceTree = "<group>"; };
		410EF76C174EEFE6008BDC74 /* NewPostViewController.m */ = {isa = PBXFileReference; fileEncoding = 4; lastKnownFileType = sourcecode.c.objc; path = NewPostViewController.m; sourceTree = "<group>"; };
		410EF76D174EEFE6008BDC74 /* NewPostViewController.xib */ = {isa = PBXFileReference; fileEncoding = 4; lastKnownFileType = file.xib; path = NewPostViewController.xib; sourceTree = "<group>"; };
		410EF776174F32AA008BDC74 /* 2-red-back-button.png */ = {isa = PBXFileReference; lastKnownFileType = image.png; path = "2-red-back-button.png"; sourceTree = "<group>"; };
		410EF777174F32AA008BDC74 /* 2-red-back-button@2x.png */ = {isa = PBXFileReference; lastKnownFileType = image.png; path = "2-red-back-button@2x.png"; sourceTree = "<group>"; };
		410EF778174F32AA008BDC74 /* 2-red-background.jpg */ = {isa = PBXFileReference; lastKnownFileType = image.jpeg; path = "2-red-background.jpg"; sourceTree = "<group>"; };
		410EF779174F32AA008BDC74 /* 2-red-background@2x.jpg */ = {isa = PBXFileReference; lastKnownFileType = image.jpeg; path = "2-red-background@2x.jpg"; sourceTree = "<group>"; };
		410EF77A174F32AA008BDC74 /* 2-red-bar-button.png */ = {isa = PBXFileReference; lastKnownFileType = image.png; path = "2-red-bar-button.png"; sourceTree = "<group>"; };
		410EF77B174F32AA008BDC74 /* 2-red-bar-button@2x.png */ = {isa = PBXFileReference; lastKnownFileType = image.png; path = "2-red-bar-button@2x.png"; sourceTree = "<group>"; };
		410EF77C174F32AA008BDC74 /* 2-red-menu-bar.png */ = {isa = PBXFileReference; lastKnownFileType = image.png; path = "2-red-menu-bar.png"; sourceTree = "<group>"; };
		410EF77D174F32AA008BDC74 /* 2-red-menu-bar@2x.png */ = {isa = PBXFileReference; lastKnownFileType = image.png; path = "2-red-menu-bar@2x.png"; sourceTree = "<group>"; };
		410EF77E174F32AB008BDC74 /* 2-red-settings-button.png */ = {isa = PBXFileReference; lastKnownFileType = image.png; path = "2-red-settings-button.png"; sourceTree = "<group>"; };
		410EF77F174F32AB008BDC74 /* 2-red-settings-button@2x.png */ = {isa = PBXFileReference; lastKnownFileType = image.png; path = "2-red-settings-button@2x.png"; sourceTree = "<group>"; };
		41126A84175899EF0094CC7E /* NSString+NSString_HTML.h */ = {isa = PBXFileReference; fileEncoding = 4; lastKnownFileType = sourcecode.c.h; name = "NSString+NSString_HTML.h"; path = "Helper/NSString+NSString_HTML.h"; sourceTree = "<group>"; };
		41126A85175899EF0094CC7E /* NSString+NSString_HTML.m */ = {isa = PBXFileReference; fileEncoding = 4; lastKnownFileType = sourcecode.c.objc; name = "NSString+NSString_HTML.m"; path = "Helper/NSString+NSString_HTML.m"; sourceTree = "<group>"; };
		41126A871758AF770094CC7E /* NotificationsCell.h */ = {isa = PBXFileReference; fileEncoding = 4; lastKnownFileType = sourcecode.c.h; path = NotificationsCell.h; sourceTree = "<group>"; };
		41126A881758AF770094CC7E /* NotificationsCell.m */ = {isa = PBXFileReference; fileEncoding = 4; lastKnownFileType = sourcecode.c.objc; path = NotificationsCell.m; sourceTree = "<group>"; };
		41126A8A1758AF980094CC7E /* NotificationsCell.xib */ = {isa = PBXFileReference; fileEncoding = 4; lastKnownFileType = file.xib; path = NotificationsCell.xib; sourceTree = "<group>"; };
		411E5493174CB6CA0023163E /* Parse.framework */ = {isa = PBXFileReference; lastKnownFileType = wrapper.framework; path = Parse.framework; sourceTree = "<group>"; };
		411E5495174CB70A0023163E /* AudioToolbox.framework */ = {isa = PBXFileReference; lastKnownFileType = wrapper.framework; name = AudioToolbox.framework; path = System/Library/Frameworks/AudioToolbox.framework; sourceTree = SDKROOT; };
		411E5497174CB7120023163E /* CFNetwork.framework */ = {isa = PBXFileReference; lastKnownFileType = wrapper.framework; name = CFNetwork.framework; path = System/Library/Frameworks/CFNetwork.framework; sourceTree = SDKROOT; };
		411E5499174CB72C0023163E /* libz.1.1.3.dylib */ = {isa = PBXFileReference; lastKnownFileType = "compiled.mach-o.dylib"; name = libz.1.1.3.dylib; path = usr/lib/libz.1.1.3.dylib; sourceTree = SDKROOT; };
		411E549B174CB7350023163E /* MobileCoreServices.framework */ = {isa = PBXFileReference; lastKnownFileType = wrapper.framework; name = MobileCoreServices.framework; path = System/Library/Frameworks/MobileCoreServices.framework; sourceTree = SDKROOT; };
		411E549D174CB7460023163E /* QuartzCore.framework */ = {isa = PBXFileReference; lastKnownFileType = wrapper.framework; name = QuartzCore.framework; path = System/Library/Frameworks/QuartzCore.framework; sourceTree = SDKROOT; };
		411E549F174CB75A0023163E /* StoreKit.framework */ = {isa = PBXFileReference; lastKnownFileType = wrapper.framework; name = StoreKit.framework; path = System/Library/Frameworks/StoreKit.framework; sourceTree = SDKROOT; };
		411E54A1174CB7630023163E /* SystemConfiguration.framework */ = {isa = PBXFileReference; lastKnownFileType = wrapper.framework; name = SystemConfiguration.framework; path = System/Library/Frameworks/SystemConfiguration.framework; sourceTree = SDKROOT; };
		411E54A3174D6FD40023163E /* Constants.h */ = {isa = PBXFileReference; lastKnownFileType = sourcecode.c.h; path = Constants.h; sourceTree = "<group>"; };
		41371F95173DA1EF00C90900 /* Location.h */ = {isa = PBXFileReference; fileEncoding = 4; lastKnownFileType = sourcecode.c.h; name = Location.h; path = Facebook/Location.h; sourceTree = "<group>"; };
		41371F96173DA1EF00C90900 /* Location.m */ = {isa = PBXFileReference; fileEncoding = 4; lastKnownFileType = sourcecode.c.objc; name = Location.m; path = Facebook/Location.m; sourceTree = "<group>"; };
		41371F9D173DC59900C90900 /* MyFeedViewController.h */ = {isa = PBXFileReference; fileEncoding = 4; lastKnownFileType = sourcecode.c.h; path = MyFeedViewController.h; sourceTree = "<group>"; };
		41371F9E173DC59900C90900 /* MyFeedViewController.m */ = {isa = PBXFileReference; fileEncoding = 4; lastKnownFileType = sourcecode.c.objc; path = MyFeedViewController.m; sourceTree = "<group>"; };
		41371F9F173DC59900C90900 /* MyFeedViewController.xib */ = {isa = PBXFileReference; fileEncoding = 4; lastKnownFileType = file.xib; path = MyFeedViewController.xib; sourceTree = "<group>"; };
		413D9E4C175F335700FB6200 /* sign_out.png */ = {isa = PBXFileReference; lastKnownFileType = image.png; path = sign_out.png; sourceTree = "<group>"; };
		418832A31762097E00A84AAF /* CategoriesViewController.h */ = {isa = PBXFileReference; fileEncoding = 4; lastKnownFileType = sourcecode.c.h; name = CategoriesViewController.h; path = NewPost/CategoriesViewController.h; sourceTree = "<group>"; };
		418832A41762097E00A84AAF /* CategoriesViewController.m */ = {isa = PBXFileReference; fileEncoding = 4; lastKnownFileType = sourcecode.c.objc; name = CategoriesViewController.m; path = NewPost/CategoriesViewController.m; sourceTree = "<group>"; };
		418832A51762097E00A84AAF /* CategoriesViewController.xib */ = {isa = PBXFileReference; fileEncoding = 4; lastKnownFileType = file.xib; name = CategoriesViewController.xib; path = NewPost/CategoriesViewController.xib; sourceTree = "<group>"; };
		418F7F381755C5DD005387E7 /* check.png */ = {isa = PBXFileReference; lastKnownFileType = image.png; path = check.png; sourceTree = "<group>"; };
		418F7F3C1755EDCD005387E7 /* uncheck.png */ = {isa = PBXFileReference; lastKnownFileType = image.png; path = uncheck.png; sourceTree = "<group>"; };
		419BDB1A175FD1AA00CD1591 /* category_32.png */ = {isa = PBXFileReference; lastKnownFileType = image.png; path = category_32.png; sourceTree = "<group>"; };
		41A7E3DA174E05B600F4E796 /* TabViewController.h */ = {isa = PBXFileReference; fileEncoding = 4; lastKnownFileType = sourcecode.c.h; name = TabViewController.h; path = test/TabViewController.h; sourceTree = "<group>"; };
		41A7E3DB174E05B600F4E796 /* TabViewController.m */ = {isa = PBXFileReference; fileEncoding = 4; lastKnownFileType = sourcecode.c.objc; name = TabViewController.m; path = test/TabViewController.m; sourceTree = "<group>"; };
		41A7E3DC174E05B600F4E796 /* TabViewController.xib */ = {isa = PBXFileReference; fileEncoding = 4; lastKnownFileType = file.xib; name = TabViewController.xib; path = test/TabViewController.xib; sourceTree = "<group>"; };
		41A7E3DF174E09D500F4E796 /* TBViewController.h */ = {isa = PBXFileReference; fileEncoding = 4; lastKnownFileType = sourcecode.c.h; name = TBViewController.h; path = test/TBViewController.h; sourceTree = "<group>"; };
		41A7E3E0174E09D500F4E796 /* TBViewController.m */ = {isa = PBXFileReference; fileEncoding = 4; lastKnownFileType = sourcecode.c.objc; name = TBViewController.m; path = test/TBViewController.m; sourceTree = "<group>"; };
		41A7E3E1174E09D500F4E796 /* TBViewController.xib */ = {isa = PBXFileReference; fileEncoding = 4; lastKnownFileType = file.xib; name = TBViewController.xib; path = test/TBViewController.xib; sourceTree = "<group>"; };
		41A7E3EA174E194B00F4E796 /* NotificationsViewController.h */ = {isa = PBXFileReference; fileEncoding = 4; lastKnownFileType = sourcecode.c.h; path = NotificationsViewController.h; sourceTree = "<group>"; };
		41A7E3EB174E194B00F4E796 /* NotificationsViewController.m */ = {isa = PBXFileReference; fileEncoding = 4; lastKnownFileType = sourcecode.c.objc; path = NotificationsViewController.m; sourceTree = "<group>"; };
		41A7E3EC174E194B00F4E796 /* NotificationsViewController.xib */ = {isa = PBXFileReference; fileEncoding = 4; lastKnownFileType = file.xib; path = NotificationsViewController.xib; sourceTree = "<group>"; };
		41A7E3FA174E19CD00F4E796 /* GeoPostItViewController.h */ = {isa = PBXFileReference; fileEncoding = 4; lastKnownFileType = sourcecode.c.h; path = GeoPostItViewController.h; sourceTree = "<group>"; };
		41A7E3FB174E19CD00F4E796 /* GeoPostItViewController.m */ = {isa = PBXFileReference; fileEncoding = 4; lastKnownFileType = sourcecode.c.objc; path = GeoPostItViewController.m; sourceTree = "<group>"; };
		41A7E3FC174E19CD00F4E796 /* GeoPostItViewController.xib */ = {isa = PBXFileReference; fileEncoding = 4; lastKnownFileType = file.xib; path = GeoPostItViewController.xib; sourceTree = "<group>"; };
		41A7E400174E1A0800F4E796 /* ProfileViewController.h */ = {isa = PBXFileReference; fileEncoding = 4; lastKnownFileType = sourcecode.c.h; path = ProfileViewController.h; sourceTree = "<group>"; };
		41A7E401174E1A0800F4E796 /* ProfileViewController.m */ = {isa = PBXFileReference; fileEncoding = 4; lastKnownFileType = sourcecode.c.objc; path = ProfileViewController.m; sourceTree = "<group>"; };
		41A7E402174E1A0800F4E796 /* ProfileViewController.xib */ = {isa = PBXFileReference; fileEncoding = 4; lastKnownFileType = file.xib; path = ProfileViewController.xib; sourceTree = "<group>"; };
		41A7E405174E219100F4E796 /* message.png */ = {isa = PBXFileReference; lastKnownFileType = image.png; name = message.png; path = "../../../../../../../Downloads/iconbeast-lite/iconbeast lite - png/message.png"; sourceTree = "<group>"; };
		41A7E407174E21F100F4E796 /* man.png */ = {isa = PBXFileReference; lastKnownFileType = image.png; name = man.png; path = ../../man.png; sourceTree = "<group>"; };
		41A7E409174E221600F4E796 /* lightbulb-off.png */ = {isa = PBXFileReference; lastKnownFileType = image.png; name = "lightbulb-off.png"; path = "../../lightbulb-off.png"; sourceTree = "<group>"; };
		41A7E40B174E223000F4E796 /* gear.png */ = {isa = PBXFileReference; lastKnownFileType = image.png; name = gear.png; path = ../../gear.png; sourceTree = "<group>"; };
		41A7E40D174E238F00F4E796 /* QuestionCell.h */ = {isa = PBXFileReference; fileEncoding = 4; lastKnownFileType = sourcecode.c.h; path = QuestionCell.h; sourceTree = "<group>"; };
		41A7E40E174E238F00F4E796 /* QuestionCell.m */ = {isa = PBXFileReference; fileEncoding = 4; lastKnownFileType = sourcecode.c.objc; path = QuestionCell.m; sourceTree = "<group>"; };
		41A7E410174E241600F4E796 /* QuestionCell.xib */ = {isa = PBXFileReference; fileEncoding = 4; lastKnownFileType = file.xib; path = QuestionCell.xib; sourceTree = "<group>"; };
		41B2C727175839FE00A6D3D6 /* chat-blank-128x128.png */ = {isa = PBXFileReference; lastKnownFileType = image.png; name = "chat-blank-128x128.png"; path = "../chat-blank-128x128.png"; sourceTree = "<group>"; };
		41C48A92174F70D2004BC6CA /* write.png */ = {isa = PBXFileReference; lastKnownFileType = image.png; path = write.png; sourceTree = "<group>"; };
		41C48A94174FED16004BC6CA /* PostItViewController.h */ = {isa = PBXFileReference; fileEncoding = 4; lastKnownFileType = sourcecode.c.h; path = PostItViewController.h; sourceTree = "<group>"; };
		41C48A95174FED16004BC6CA /* PostItViewController.m */ = {isa = PBXFileReference; fileEncoding = 4; lastKnownFileType = sourcecode.c.objc; path = PostItViewController.m; sourceTree = "<group>"; };
		41C48A96174FED16004BC6CA /* PostItViewController.xib */ = {isa = PBXFileReference; fileEncoding = 4; lastKnownFileType = file.xib; path = PostItViewController.xib; sourceTree = "<group>"; };
		41C48A9A17500CDC004BC6CA /* MentionViewController.h */ = {isa = PBXFileReference; fileEncoding = 4; lastKnownFileType = sourcecode.c.h; path = MentionViewController.h; sourceTree = "<group>"; };
		41C48A9B17500CDC004BC6CA /* MentionViewController.m */ = {isa = PBXFileReference; fileEncoding = 4; lastKnownFileType = sourcecode.c.objc; path = MentionViewController.m; sourceTree = "<group>"; };
		41C48A9C17500CDC004BC6CA /* MentionViewController.xib */ = {isa = PBXFileReference; fileEncoding = 4; lastKnownFileType = file.xib; path = MentionViewController.xib; sourceTree = "<group>"; };
		41C48A9F1750F7C4004BC6CA /* map-pin.png */ = {isa = PBXFileReference; lastKnownFileType = image.png; path = "map-pin.png"; sourceTree = "<group>"; };
		41C48AA11750F7E5004BC6CA /* pen.png */ = {isa = PBXFileReference; lastKnownFileType = image.png; path = pen.png; sourceTree = "<group>"; };
		41C48AA31750F7F0004BC6CA /* phone-book.png */ = {isa = PBXFileReference; lastKnownFileType = image.png; path = "phone-book.png"; sourceTree = "<group>"; };
		41C48AA51750F806004BC6CA /* search.png */ = {isa = PBXFileReference; lastKnownFileType = image.png; path = search.png; sourceTree = "<group>"; };
		41C48AA71750F81D004BC6CA /* speaker-electric.png */ = {isa = PBXFileReference; lastKnownFileType = image.png; path = "speaker-electric.png"; sourceTree = "<group>"; };
		41C48AA91750F830004BC6CA /* thumb-up.png */ = {isa = PBXFileReference; lastKnownFileType = image.png; path = "thumb-up.png"; sourceTree = "<group>"; };
		41C48AAB1750FEF1004BC6CA /* FriendTag.h */ = {isa = PBXFileReference; fileEncoding = 4; lastKnownFileType = sourcecode.c.h; path = FriendTag.h; sourceTree = "<group>"; };
		41C48AAC1750FEF2004BC6CA /* FriendTag.m */ = {isa = PBXFileReference; fileEncoding = 4; lastKnownFileType = sourcecode.c.objc; path = FriendTag.m; sourceTree = "<group>"; };
		41C48AAE1751243E004BC6CA /* QAViewController.h */ = {isa = PBXFileReference; fileEncoding = 4; lastKnownFileType = sourcecode.c.h; path = QAViewController.h; sourceTree = "<group>"; };
		41C48AAF1751243F004BC6CA /* QAViewController.m */ = {isa = PBXFileReference; fileEncoding = 4; lastKnownFileType = sourcecode.c.objc; path = QAViewController.m; sourceTree = "<group>"; };
		41C48AB01751243F004BC6CA /* QAViewController.xib */ = {isa = PBXFileReference; fileEncoding = 4; lastKnownFileType = file.xib; path = QAViewController.xib; sourceTree = "<group>"; };
		41C48AB4175133E6004BC6CA /* QA.h */ = {isa = PBXFileReference; fileEncoding = 4; lastKnownFileType = sourcecode.c.h; path = QA.h; sourceTree = "<group>"; };
		41C48AB5175133E6004BC6CA /* QA.m */ = {isa = PBXFileReference; fileEncoding = 4; lastKnownFileType = sourcecode.c.objc; path = QA.m; sourceTree = "<group>"; };
		41C48AB8175185C5004BC6CA /* AnswersParser.h */ = {isa = PBXFileReference; fileEncoding = 4; lastKnownFileType = sourcecode.c.h; path = AnswersParser.h; sourceTree = "<group>"; };
		41C48AB9175185C5004BC6CA /* AnswersParser.m */ = {isa = PBXFileReference; fileEncoding = 4; lastKnownFileType = sourcecode.c.objc; path = AnswersParser.m; sourceTree = "<group>"; };
		41C48B1C1751A4B3004BC6CA /* HttpManager.h */ = {isa = PBXFileReference; fileEncoding = 4; lastKnownFileType = sourcecode.c.h; path = HttpManager.h; sourceTree = "<group>"; };
		41C48B1D1751A4B3004BC6CA /* HttpManager.m */ = {isa = PBXFileReference; fileEncoding = 4; lastKnownFileType = sourcecode.c.objc; path = HttpManager.m; sourceTree = "<group>"; };
		41C48B221751EA2F004BC6CA /* QACell.h */ = {isa = PBXFileReference; fileEncoding = 4; lastKnownFileType = sourcecode.c.h; path = QACell.h; sourceTree = "<group>"; };
		41C48B231751EA2F004BC6CA /* QACell.m */ = {isa = PBXFileReference; fileEncoding = 4; lastKnownFileType = sourcecode.c.objc; path = QACell.m; sourceTree = "<group>"; };
		41C48B271751EAA9004BC6CA /* QACell.xib */ = {isa = PBXFileReference; fileEncoding = 4; lastKnownFileType = file.xib; path = QACell.xib; sourceTree = "<group>"; };
		41C48B2917535268004BC6CA /* PostsFeedParser.h */ = {isa = PBXFileReference; fileEncoding = 4; lastKnownFileType = sourcecode.c.h; path = PostsFeedParser.h; sourceTree = "<group>"; };
		41C48B2A17535268004BC6CA /* PostsFeedParser.m */ = {isa = PBXFileReference; fileEncoding = 4; lastKnownFileType = sourcecode.c.objc; path = PostsFeedParser.m; sourceTree = "<group>"; };
		41C48B2C1753535A004BC6CA /* PostsFeed.h */ = {isa = PBXFileReference; fileEncoding = 4; lastKnownFileType = sourcecode.c.h; path = PostsFeed.h; sourceTree = "<group>"; };
		41C48B2D1753535B004BC6CA /* PostsFeed.m */ = {isa = PBXFileReference; fileEncoding = 4; lastKnownFileType = sourcecode.c.objc; path = PostsFeed.m; sourceTree = "<group>"; };
		41C48B2F1753E0C5004BC6CA /* plist.h */ = {isa = PBXFileReference; fileEncoding = 4; lastKnownFileType = sourcecode.c.h; name = plist.h; path = Helper/plist.h; sourceTree = "<group>"; };
		41C48B301753E0C5004BC6CA /* plist.m */ = {isa = PBXFileReference; fileEncoding = 4; lastKnownFileType = sourcecode.c.objc; name = plist.m; path = Helper/plist.m; sourceTree = "<group>"; };
		41C48B351753E672004BC6CA /* NewAnswerViewController.h */ = {isa = PBXFileReference; fileEncoding = 4; lastKnownFileType = sourcecode.c.h; path = NewAnswerViewController.h; sourceTree = "<group>"; };
		41C48B361753E672004BC6CA /* NewAnswerViewController.m */ = {isa = PBXFileReference; fileEncoding = 4; lastKnownFileType = sourcecode.c.objc; path = NewAnswerViewController.m; sourceTree = "<group>"; };
		41C48B371753E672004BC6CA /* NewAnswerViewController.xib */ = {isa = PBXFileReference; fileEncoding = 4; lastKnownFileType = file.xib; path = NewAnswerViewController.xib; sourceTree = "<group>"; };
		41C48B3A175409A0004BC6CA /* GeoPost.h */ = {isa = PBXFileReference; fileEncoding = 4; lastKnownFileType = sourcecode.c.h; path = GeoPost.h; sourceTree = "<group>"; };
		41C48B3B175409A1004BC6CA /* GeoPost.m */ = {isa = PBXFileReference; fileEncoding = 4; lastKnownFileType = sourcecode.c.objc; path = GeoPost.m; sourceTree = "<group>"; };
		41C48B3D17542340004BC6CA /* data.plist */ = {isa = PBXFileReference; fileEncoding = 4; lastKnownFileType = text.plist.xml; path = data.plist; sourceTree = "<group>"; };
		41D68F80176B1051005CD69F /* crossmark.png */ = {isa = PBXFileReference; lastKnownFileType = image.png; path = crossmark.png; sourceTree = "<group>"; };
		41D68F82176B134E005CD69F /* man-icon.png */ = {isa = PBXFileReference; lastKnownFileType = image.png; path = "man-icon.png"; sourceTree = "<group>"; };
/* End PBXFileReference section */

/* Begin PBXFrameworksBuildPhase section */
		2B622391173B80FF00E45770 /* Frameworks */ = {
			isa = PBXFrameworksBuildPhase;
			buildActionMask = 2147483647;
			files = (
				411E54A2174CB7630023163E /* SystemConfiguration.framework in Frameworks */,
				411E54A0174CB75A0023163E /* StoreKit.framework in Frameworks */,
				411E549E174CB7460023163E /* QuartzCore.framework in Frameworks */,
				411E549C174CB7350023163E /* MobileCoreServices.framework in Frameworks */,
				411E549A174CB72C0023163E /* libz.1.1.3.dylib in Frameworks */,
				411E5498174CB7120023163E /* CFNetwork.framework in Frameworks */,
				411E5496174CB70A0023163E /* AudioToolbox.framework in Frameworks */,
				2B6223BB173B817200E45770 /* CoreLocation.framework in Frameworks */,
				2B47FFD9173BA58F00A243BE /* AdSupport.framework in Frameworks */,
				2B47FFCB173B929100A243BE /* Social.framework in Frameworks */,
				2B47FFC9173B928C00A243BE /* Security.framework in Frameworks */,
				2B47FFC7173B928300A243BE /* libsqlite3.dylib in Frameworks */,
				2B47FFC5173B927800A243BE /* Accounts.framework in Frameworks */,
				2B622398173B80FF00E45770 /* UIKit.framework in Frameworks */,
				2B62239A173B80FF00E45770 /* Foundation.framework in Frameworks */,
				2B62239C173B80FF00E45770 /* CoreGraphics.framework in Frameworks */,
				2B47FFC3173B925500A243BE /* FacebookSDK.framework in Frameworks */,
				411E5494174CB6CA0023163E /* Parse.framework in Frameworks */,
			);
			runOnlyForDeploymentPostprocessing = 0;
		};
/* End PBXFrameworksBuildPhase section */

/* Begin PBXGroup section */
		2B47FFCC173BA00000A243BE /* Helper */ = {
			isa = PBXGroup;
			children = (
				41C48B1C1751A4B3004BC6CA /* HttpManager.h */,
				41C48B1D1751A4B3004BC6CA /* HttpManager.m */,
				411E54A3174D6FD40023163E /* Constants.h */,
				41371F9B173DC55600C90900 /* QA */,
				2B47FFCF173BA07500A243BE /* FBHelper.h */,
				2B47FFD0173BA07500A243BE /* FBHelper.m */,
				41371F95173DA1EF00C90900 /* Location.h */,
				41371F96173DA1EF00C90900 /* Location.m */,
				41C48B2F1753E0C5004BC6CA /* plist.h */,
				41C48B301753E0C5004BC6CA /* plist.m */,
				41126A84175899EF0094CC7E /* NSString+NSString_HTML.h */,
				41126A85175899EF0094CC7E /* NSString+NSString_HTML.m */,
			);
			name = Helper;
			sourceTree = "<group>";
		};
		2B47FFCD173BA01000A243BE /* AppDelegate */ = {
			isa = PBXGroup;
			children = (
				2B6223B2173B80FF00E45770 /* ViewController.h */,
				2B6223B3173B80FF00E45770 /* ViewController.m */,
				2B6223AF173B80FF00E45770 /* MainStoryboard.storyboard */,
				2B6223A6173B80FF00E45770 /* AppDelegate.h */,
				2B6223A7173B80FF00E45770 /* AppDelegate.m */,
			);
			name = AppDelegate;
			sourceTree = "<group>";
		};
		2B47FFCE173BA02E00A243BE /* Login */ = {
			isa = PBXGroup;
			children = (
				2B6223BC173B84B400E45770 /* LoginViewController.h */,
				2B6223BD173B84B400E45770 /* LoginViewController.m */,
				2B6223BE173B84B400E45770 /* LoginViewController.xib */,
			);
			name = Login;
			sourceTree = "<group>";
		};
		2B47FFD7173BA28F00A243BE /* Home */ = {
			isa = PBXGroup;
			children = (
				2B47FFD2173BA28600A243BE /* HomeViewController.h */,
				2B47FFD3173BA28600A243BE /* HomeViewController.m */,
				2B47FFD4173BA28600A243BE /* HomeViewController.xib */,
			);
			name = Home;
			path = ..;
			sourceTree = "<group>";
		};
		2B62238B173B80FF00E45770 = {
			isa = PBXGroup;
			children = (
				2B62239D173B80FF00E45770 /* smalltalk */,
				2B62239E173B80FF00E45770 /* Supporting Files */,
				2B622396173B80FF00E45770 /* Frameworks */,
				2B622395173B80FF00E45770 /* Products */,
			);
			sourceTree = "<group>";
		};
		2B622395173B80FF00E45770 /* Products */ = {
			isa = PBXGroup;
			children = (
				2B622394173B80FF00E45770 /* smalltalk.app */,
			);
			name = Products;
			sourceTree = "<group>";
		};
		2B622396173B80FF00E45770 /* Frameworks */ = {
			isa = PBXGroup;
			children = (
				411E54A1174CB7630023163E /* SystemConfiguration.framework */,
				411E549F174CB75A0023163E /* StoreKit.framework */,
				411E549D174CB7460023163E /* QuartzCore.framework */,
				411E549B174CB7350023163E /* MobileCoreServices.framework */,
				411E5499174CB72C0023163E /* libz.1.1.3.dylib */,
				411E5497174CB7120023163E /* CFNetwork.framework */,
				411E5495174CB70A0023163E /* AudioToolbox.framework */,
				411E5493174CB6CA0023163E /* Parse.framework */,
				2B47FFD8173BA58F00A243BE /* AdSupport.framework */,
				2B47FFCA173B929100A243BE /* Social.framework */,
				2B47FFC8173B928C00A243BE /* Security.framework */,
				2B47FFC6173B928300A243BE /* libsqlite3.dylib */,
				2B47FFC4173B927800A243BE /* Accounts.framework */,
				2B47FFC0173B91AB00A243BE /* FacebookSDKResources.bundle */,
				2B6223BA173B817200E45770 /* CoreLocation.framework */,
				2B47FFC2173B925500A243BE /* FacebookSDK.framework */,
				2B622397173B80FF00E45770 /* UIKit.framework */,
				2B622399173B80FF00E45770 /* Foundation.framework */,
				2B62239B173B80FF00E45770 /* CoreGraphics.framework */,
			);
			name = Frameworks;
			sourceTree = "<group>";
		};
		2B62239D173B80FF00E45770 /* smalltalk */ = {
			isa = PBXGroup;
			children = (
				41A7E3FF174E19FA00F4E796 /* profile */,
				41A7E3F9174E19CD00F4E796 /* Geopostit */,
				41A7E3E9174E192900F4E796 /* Notifications */,
				41A7E3CF174DBF9C00F4E796 /* tab */,
				41371F9C173DC57F00C90900 /* Browse */,
				2B47FFD7173BA28F00A243BE /* Home */,
				2B47FFCD173BA01000A243BE /* AppDelegate */,
				2B47FFCC173BA00000A243BE /* Helper */,
				2B47FFCE173BA02E00A243BE /* Login */,
			);
			path = smalltalk;
			sourceTree = "<group>";
		};
		2B62239E173B80FF00E45770 /* Supporting Files */ = {
			isa = PBXGroup;
			children = (
				41D68F82176B134E005CD69F /* man-icon.png */,
				41D68F80176B1051005CD69F /* crossmark.png */,
				419BDB1A175FD1AA00CD1591 /* category_32.png */,
				413D9E4C175F335700FB6200 /* sign_out.png */,
				41B2C727175839FE00A6D3D6 /* chat-blank-128x128.png */,
				418F7F3C1755EDCD005387E7 /* uncheck.png */,
				418F7F381755C5DD005387E7 /* check.png */,
				410EF775174F328D008BDC74 /* profile */,
				410EF774174F326A008BDC74 /* misc */,
				2B62239F173B80FF00E45770 /* smalltalk-Info.plist */,
				2B6223A0173B80FF00E45770 /* InfoPlist.strings */,
				2B6223A3173B80FF00E45770 /* main.m */,
				2B6223A5173B80FF00E45770 /* smalltalk-Prefix.pch */,
				2B6223A9173B80FF00E45770 /* Default.png */,
				2B6223AB173B80FF00E45770 /* Default@2x.png */,
				2B6223AD173B80FF00E45770 /* Default-568h@2x.png */,
				41C48B3D17542340004BC6CA /* data.plist */,
			);
			name = "Supporting Files";
			path = smalltalk;
			sourceTree = "<group>";
		};
		410EF774174F326A008BDC74 /* misc */ = {
			isa = PBXGroup;
			children = (
				41A7E40B174E223000F4E796 /* gear.png */,
				41A7E409174E221600F4E796 /* lightbulb-off.png */,
				41A7E407174E21F100F4E796 /* man.png */,
				41A7E405174E219100F4E796 /* message.png */,
			);
			name = misc;
			path = Resources/misc;
			sourceTree = "<group>";
		};
		410EF775174F328D008BDC74 /* profile */ = {
			isa = PBXGroup;
			children = (
				41C48AA91750F830004BC6CA /* thumb-up.png */,
				41C48AA71750F81D004BC6CA /* speaker-electric.png */,
				41C48AA51750F806004BC6CA /* search.png */,
				41C48AA31750F7F0004BC6CA /* phone-book.png */,
				41C48AA11750F7E5004BC6CA /* pen.png */,
				41C48A9F1750F7C4004BC6CA /* map-pin.png */,
				41C48A92174F70D2004BC6CA /* write.png */,
				410EF776174F32AA008BDC74 /* 2-red-back-button.png */,
				410EF777174F32AA008BDC74 /* 2-red-back-button@2x.png */,
				410EF778174F32AA008BDC74 /* 2-red-background.jpg */,
				410EF779174F32AA008BDC74 /* 2-red-background@2x.jpg */,
				410EF77A174F32AA008BDC74 /* 2-red-bar-button.png */,
				410EF77B174F32AA008BDC74 /* 2-red-bar-button@2x.png */,
				410EF77C174F32AA008BDC74 /* 2-red-menu-bar.png */,
				410EF77D174F32AA008BDC74 /* 2-red-menu-bar@2x.png */,
				410EF77E174F32AB008BDC74 /* 2-red-settings-button.png */,
				410EF77F174F32AB008BDC74 /* 2-red-settings-button@2x.png */,
			);
			name = profile;
			path = Resources/profile;
			sourceTree = "<group>";
		};
		41371F9B173DC55600C90900 /* QA */ = {
			isa = PBXGroup;
			children = (
			);
			name = QA;
			sourceTree = "<group>";
		};
		41371F9C173DC57F00C90900 /* Browse */ = {
			isa = PBXGroup;
			children = (
				41C48AB7175185AA004BC6CA /* Parsers */,
				41C48AB317513390004BC6CA /* data-structure */,
				41C48B1F1751E9E1004BC6CA /* Feeds */,
				41C48B201751EA09004BC6CA /* New Post */,
				41C48B211751EA16004BC6CA /* QA */,
			);
			name = Browse;
			path = MyFeed;
			sourceTree = "<group>";
		};
		41A7E3CF174DBF9C00F4E796 /* tab */ = {
			isa = PBXGroup;
			children = (
				41A7E3DA174E05B600F4E796 /* TabViewController.h */,
				41A7E3DB174E05B600F4E796 /* TabViewController.m */,
				41A7E3DC174E05B600F4E796 /* TabViewController.xib */,
				41A7E3DF174E09D500F4E796 /* TBViewController.h */,
				41A7E3E0174E09D500F4E796 /* TBViewController.m */,
				41A7E3E1174E09D500F4E796 /* TBViewController.xib */,
			);
			name = tab;
			sourceTree = "<group>";
		};
		41A7E3E9174E192900F4E796 /* Notifications */ = {
			isa = PBXGroup;
			children = (
				41A7E3EA174E194B00F4E796 /* NotificationsViewController.h */,
				41A7E3EB174E194B00F4E796 /* NotificationsViewController.m */,
				41A7E3EC174E194B00F4E796 /* NotificationsViewController.xib */,
				41126A871758AF770094CC7E /* NotificationsCell.h */,
				41126A881758AF770094CC7E /* NotificationsCell.m */,
				41126A8A1758AF980094CC7E /* NotificationsCell.xib */,
			);
			path = Notifications;
			sourceTree = "<group>";
		};
		41A7E3F9174E19CD00F4E796 /* Geopostit */ = {
			isa = PBXGroup;
			children = (
				41A7E3FA174E19CD00F4E796 /* GeoPostItViewController.h */,
				41A7E3FB174E19CD00F4E796 /* GeoPostItViewController.m */,
				41A7E3FC174E19CD00F4E796 /* GeoPostItViewController.xib */,
				41C48A94174FED16004BC6CA /* PostItViewController.h */,
				41C48A95174FED16004BC6CA /* PostItViewController.m */,
				41C48A96174FED16004BC6CA /* PostItViewController.xib */,
				41C48B3A175409A0004BC6CA /* GeoPost.h */,
				41C48B3B175409A1004BC6CA /* GeoPost.m */,
			);
			name = Geopostit;
			path = Geoposti;
			sourceTree = "<group>";
		};
		41A7E3FF174E19FA00F4E796 /* profile */ = {
			isa = PBXGroup;
			children = (
				41A7E400174E1A0800F4E796 /* ProfileViewController.h */,
				41A7E401174E1A0800F4E796 /* ProfileViewController.m */,
				41A7E402174E1A0800F4E796 /* ProfileViewController.xib */,
			);
			path = profile;
			sourceTree = "<group>";
		};
		41C48AB317513390004BC6CA /* data-structure */ = {
			isa = PBXGroup;
			children = (
				41C48AAB1750FEF1004BC6CA /* FriendTag.h */,
				41C48AAC1750FEF2004BC6CA /* FriendTag.m */,
				41C48AB4175133E6004BC6CA /* QA.h */,
				41C48AB5175133E6004BC6CA /* QA.m */,
				41C48B2C1753535A004BC6CA /* PostsFeed.h */,
				41C48B2D1753535B004BC6CA /* PostsFeed.m */,
			);
			name = "data-structure";
			sourceTree = "<group>";
		};
		41C48AB7175185AA004BC6CA /* Parsers */ = {
			isa = PBXGroup;
			children = (
				41C48AB8175185C5004BC6CA /* AnswersParser.h */,
				41C48AB9175185C5004BC6CA /* AnswersParser.m */,
				41C48B2917535268004BC6CA /* PostsFeedParser.h */,
				41C48B2A17535268004BC6CA /* PostsFeedParser.m */,
			);
			name = Parsers;
			sourceTree = "<group>";
		};
		41C48B1F1751E9E1004BC6CA /* Feeds */ = {
			isa = PBXGroup;
			children = (
				41371F9D173DC59900C90900 /* MyFeedViewController.h */,
				41371F9E173DC59900C90900 /* MyFeedViewController.m */,
				41371F9F173DC59900C90900 /* MyFeedViewController.xib */,
				41A7E40D174E238F00F4E796 /* QuestionCell.h */,
				41A7E40E174E238F00F4E796 /* QuestionCell.m */,
				41A7E410174E241600F4E796 /* QuestionCell.xib */,
			);
			name = Feeds;
			sourceTree = "<group>";
		};
		41C48B201751EA09004BC6CA /* New Post */ = {
			isa = PBXGroup;
			children = (
				410EF76B174EEFE6008BDC74 /* NewPostViewController.h */,
				410EF76C174EEFE6008BDC74 /* NewPostViewController.m */,
				410EF76D174EEFE6008BDC74 /* NewPostViewController.xib */,
				41C48A9A17500CDC004BC6CA /* MentionViewController.h */,
				41C48A9B17500CDC004BC6CA /* MentionViewController.m */,
				41C48A9C17500CDC004BC6CA /* MentionViewController.xib */,
				418832A31762097E00A84AAF /* CategoriesViewController.h */,
				418832A41762097E00A84AAF /* CategoriesViewController.m */,
				418832A51762097E00A84AAF /* CategoriesViewController.xib */,
			);
			name = "New Post";
			sourceTree = "<group>";
		};
		41C48B211751EA16004BC6CA /* QA */ = {
			isa = PBXGroup;
			children = (
				41C48AAE1751243E004BC6CA /* QAViewController.h */,
				41C48AAF1751243F004BC6CA /* QAViewController.m */,
				41C48AB01751243F004BC6CA /* QAViewController.xib */,
				41C48B221751EA2F004BC6CA /* QACell.h */,
				41C48B231751EA2F004BC6CA /* QACell.m */,
				41C48B271751EAA9004BC6CA /* QACell.xib */,
				41C48B351753E672004BC6CA /* NewAnswerViewController.h */,
				41C48B361753E672004BC6CA /* NewAnswerViewController.m */,
				41C48B371753E672004BC6CA /* NewAnswerViewController.xib */,
			);
			name = QA;
			sourceTree = "<group>";
		};
/* End PBXGroup section */

/* Begin PBXNativeTarget section */
		2B622393173B80FF00E45770 /* smalltalk */ = {
			isa = PBXNativeTarget;
			buildConfigurationList = 2B6223B7173B80FF00E45770 /* Build configuration list for PBXNativeTarget "smalltalk" */;
			buildPhases = (
				2B622390173B80FF00E45770 /* Sources */,
				2B622391173B80FF00E45770 /* Frameworks */,
				2B622392173B80FF00E45770 /* Resources */,
			);
			buildRules = (
			);
			dependencies = (
			);
			name = smalltalk;
			productName = smalltalk;
			productReference = 2B622394173B80FF00E45770 /* smalltalk.app */;
			productType = "com.apple.product-type.application";
		};
/* End PBXNativeTarget section */

/* Begin PBXProject section */
		2B62238C173B80FF00E45770 /* Project object */ = {
			isa = PBXProject;
			attributes = {
				LastUpgradeCheck = 0460;
				ORGANIZATIONNAME = "Prakash Nagarajan";
			};
			buildConfigurationList = 2B62238F173B80FF00E45770 /* Build configuration list for PBXProject "smalltalk" */;
			compatibilityVersion = "Xcode 3.2";
			developmentRegion = English;
			hasScannedForEncodings = 0;
			knownRegions = (
				en,
			);
			mainGroup = 2B62238B173B80FF00E45770;
			productRefGroup = 2B622395173B80FF00E45770 /* Products */;
			projectDirPath = "";
			projectRoot = "";
			targets = (
				2B622393173B80FF00E45770 /* smalltalk */,
			);
		};
/* End PBXProject section */

/* Begin PBXResourcesBuildPhase section */
		2B622392173B80FF00E45770 /* Resources */ = {
			isa = PBXResourcesBuildPhase;
			buildActionMask = 2147483647;
			files = (
				2B6223A2173B80FF00E45770 /* InfoPlist.strings in Resources */,
				2B6223AA173B80FF00E45770 /* Default.png in Resources */,
				2B6223AC173B80FF00E45770 /* Default@2x.png in Resources */,
				2B6223AE173B80FF00E45770 /* Default-568h@2x.png in Resources */,
				2B6223B1173B80FF00E45770 /* MainStoryboard.storyboard in Resources */,
				2B6223C0173B84B400E45770 /* LoginViewController.xib in Resources */,
				2B47FFC1173B91AB00A243BE /* FacebookSDKResources.bundle in Resources */,
				2B47FFD6173BA28600A243BE /* HomeViewController.xib in Resources */,
				41371FA1173DC59900C90900 /* MyFeedViewController.xib in Resources */,
				41A7E3DE174E05B600F4E796 /* TabViewController.xib in Resources */,
				41A7E3E3174E09D500F4E796 /* TBViewController.xib in Resources */,
				41A7E3EE174E194B00F4E796 /* NotificationsViewController.xib in Resources */,
				41A7E3FE174E19CD00F4E796 /* GeoPostItViewController.xib in Resources */,
				41A7E404174E1A0800F4E796 /* ProfileViewController.xib in Resources */,
				41A7E406174E219100F4E796 /* message.png in Resources */,
				41A7E408174E21F100F4E796 /* man.png in Resources */,
				41A7E40A174E221600F4E796 /* lightbulb-off.png in Resources */,
				41A7E40C174E223000F4E796 /* gear.png in Resources */,
				41A7E411174E241600F4E796 /* QuestionCell.xib in Resources */,
				410EF76F174EEFE6008BDC74 /* NewPostViewController.xib in Resources */,
				410EF780174F32AB008BDC74 /* 2-red-back-button.png in Resources */,
				410EF781174F32AB008BDC74 /* 2-red-back-button@2x.png in Resources */,
				410EF782174F32AB008BDC74 /* 2-red-background.jpg in Resources */,
				410EF783174F32AB008BDC74 /* 2-red-background@2x.jpg in Resources */,
				410EF784174F32AB008BDC74 /* 2-red-bar-button.png in Resources */,
				410EF785174F32AB008BDC74 /* 2-red-bar-button@2x.png in Resources */,
				410EF786174F32AB008BDC74 /* 2-red-menu-bar.png in Resources */,
				410EF787174F32AB008BDC74 /* 2-red-menu-bar@2x.png in Resources */,
				410EF788174F32AB008BDC74 /* 2-red-settings-button.png in Resources */,
				410EF789174F32AB008BDC74 /* 2-red-settings-button@2x.png in Resources */,
				41C48A93174F70D2004BC6CA /* write.png in Resources */,
				41C48A98174FED16004BC6CA /* PostItViewController.xib in Resources */,
				41C48A9E17500CDC004BC6CA /* MentionViewController.xib in Resources */,
				41C48AA01750F7C4004BC6CA /* map-pin.png in Resources */,
				41C48AA21750F7E5004BC6CA /* pen.png in Resources */,
				41C48AA41750F7F0004BC6CA /* phone-book.png in Resources */,
				41C48AA61750F806004BC6CA /* search.png in Resources */,
				41C48AA81750F81D004BC6CA /* speaker-electric.png in Resources */,
				41C48AAA1750F830004BC6CA /* thumb-up.png in Resources */,
				41C48AB21751243F004BC6CA /* QAViewController.xib in Resources */,
				41C48B281751EAA9004BC6CA /* QACell.xib in Resources */,
				41C48B391753E673004BC6CA /* NewAnswerViewController.xib in Resources */,
				41C48B3E17542340004BC6CA /* data.plist in Resources */,
				418F7F391755C5DD005387E7 /* check.png in Resources */,
				418F7F3D1755EDCD005387E7 /* uncheck.png in Resources */,
				41B2C728175839FE00A6D3D6 /* chat-blank-128x128.png in Resources */,
				41126A8B1758AF980094CC7E /* NotificationsCell.xib in Resources */,
				413D9E4D175F335700FB6200 /* sign_out.png in Resources */,
				419BDB1B175FD1AA00CD1591 /* category_32.png in Resources */,
				418832A71762097E00A84AAF /* CategoriesViewController.xib in Resources */,
				41D68F81176B1051005CD69F /* crossmark.png in Resources */,
				41D68F83176B134E005CD69F /* man-icon.png in Resources */,
			);
			runOnlyForDeploymentPostprocessing = 0;
		};
/* End PBXResourcesBuildPhase section */

/* Begin PBXSourcesBuildPhase section */
		2B622390173B80FF00E45770 /* Sources */ = {
			isa = PBXSourcesBuildPhase;
			buildActionMask = 2147483647;
			files = (
				2B6223A4173B80FF00E45770 /* main.m in Sources */,
				2B6223A8173B80FF00E45770 /* AppDelegate.m in Sources */,
				2B6223B4173B80FF00E45770 /* ViewController.m in Sources */,
				2B6223BF173B84B400E45770 /* LoginViewController.m in Sources */,
				2B47FFD1173BA07500A243BE /* FBHelper.m in Sources */,
				2B47FFD5173BA28600A243BE /* HomeViewController.m in Sources */,
				41371F97173DA1EF00C90900 /* Location.m in Sources */,
				41371FA0173DC59900C90900 /* MyFeedViewController.m in Sources */,
				41A7E3DD174E05B600F4E796 /* TabViewController.m in Sources */,
				41A7E3E2174E09D500F4E796 /* TBViewController.m in Sources */,
				41A7E3ED174E194B00F4E796 /* NotificationsViewController.m in Sources */,
				41A7E3FD174E19CD00F4E796 /* GeoPostItViewController.m in Sources */,
				41A7E403174E1A0800F4E796 /* ProfileViewController.m in Sources */,
				41A7E40F174E238F00F4E796 /* QuestionCell.m in Sources */,
				410EF76E174EEFE6008BDC74 /* NewPostViewController.m in Sources */,
				41C48A97174FED16004BC6CA /* PostItViewController.m in Sources */,
				41C48A9D17500CDC004BC6CA /* MentionViewController.m in Sources */,
				41C48AAD1750FEF2004BC6CA /* FriendTag.m in Sources */,
				41C48AB11751243F004BC6CA /* QAViewController.m in Sources */,
				41C48AB6175133E6004BC6CA /* QA.m in Sources */,
				41C48ABA175185C5004BC6CA /* AnswersParser.m in Sources */,
				41C48B1E1751A4B3004BC6CA /* HttpManager.m in Sources */,
				41C48B241751EA2F004BC6CA /* QACell.m in Sources */,
				41C48B2B17535268004BC6CA /* PostsFeedParser.m in Sources */,
				41C48B2E1753535B004BC6CA /* PostsFeed.m in Sources */,
				41C48B311753E0C6004BC6CA /* plist.m in Sources */,
				41C48B381753E673004BC6CA /* NewAnswerViewController.m in Sources */,
				41C48B3C175409A1004BC6CA /* GeoPost.m in Sources */,
				41126A86175899EF0094CC7E /* NSString+NSString_HTML.m in Sources */,
				41126A891758AF770094CC7E /* NotificationsCell.m in Sources */,
				418832A61762097E00A84AAF /* CategoriesViewController.m in Sources */,
			);
			runOnlyForDeploymentPostprocessing = 0;
		};
/* End PBXSourcesBuildPhase section */

/* Begin PBXVariantGroup section */
		2B6223A0173B80FF00E45770 /* InfoPlist.strings */ = {
			isa = PBXVariantGroup;
			children = (
				2B6223A1173B80FF00E45770 /* en */,
			);
			name = InfoPlist.strings;
			sourceTree = "<group>";
		};
		2B6223AF173B80FF00E45770 /* MainStoryboard.storyboard */ = {
			isa = PBXVariantGroup;
			children = (
				2B6223B0173B80FF00E45770 /* en */,
			);
			name = MainStoryboard.storyboard;
			sourceTree = "<group>";
		};
/* End PBXVariantGroup section */

/* Begin XCBuildConfiguration section */
		2B6223B5173B80FF00E45770 /* Debug */ = {
			isa = XCBuildConfiguration;
			buildSettings = {
				ALWAYS_SEARCH_USER_PATHS = NO;
				CLANG_CXX_LANGUAGE_STANDARD = "gnu++0x";
				CLANG_CXX_LIBRARY = "libc++";
				CLANG_ENABLE_OBJC_ARC = YES;
				CLANG_WARN_CONSTANT_CONVERSION = YES;
				CLANG_WARN_EMPTY_BODY = YES;
				CLANG_WARN_ENUM_CONVERSION = YES;
				CLANG_WARN_INT_CONVERSION = YES;
				CLANG_WARN__DUPLICATE_METHOD_MATCH = YES;
				"CODE_SIGN_IDENTITY[sdk=iphoneos*]" = "iPhone Developer";
				COPY_PHASE_STRIP = NO;
				GCC_C_LANGUAGE_STANDARD = gnu99;
				GCC_DYNAMIC_NO_PIC = NO;
				GCC_OPTIMIZATION_LEVEL = 0;
				GCC_PREPROCESSOR_DEFINITIONS = (
					"DEBUG=1",
					"$(inherited)",
				);
				GCC_SYMBOLS_PRIVATE_EXTERN = NO;
				GCC_WARN_ABOUT_RETURN_TYPE = YES;
				GCC_WARN_UNINITIALIZED_AUTOS = YES;
				GCC_WARN_UNUSED_VARIABLE = YES;
				IPHONEOS_DEPLOYMENT_TARGET = 6.1;
				ONLY_ACTIVE_ARCH = YES;
				SDKROOT = iphoneos;
			};
			name = Debug;
		};
		2B6223B6173B80FF00E45770 /* Release */ = {
			isa = XCBuildConfiguration;
			buildSettings = {
				ALWAYS_SEARCH_USER_PATHS = NO;
				CLANG_CXX_LANGUAGE_STANDARD = "gnu++0x";
				CLANG_CXX_LIBRARY = "libc++";
				CLANG_ENABLE_OBJC_ARC = YES;
				CLANG_WARN_CONSTANT_CONVERSION = YES;
				CLANG_WARN_EMPTY_BODY = YES;
				CLANG_WARN_ENUM_CONVERSION = YES;
				CLANG_WARN_INT_CONVERSION = YES;
				CLANG_WARN__DUPLICATE_METHOD_MATCH = YES;
				"CODE_SIGN_IDENTITY[sdk=iphoneos*]" = "iPhone Developer";
				COPY_PHASE_STRIP = YES;
				GCC_C_LANGUAGE_STANDARD = gnu99;
				GCC_WARN_ABOUT_RETURN_TYPE = YES;
				GCC_WARN_UNINITIALIZED_AUTOS = YES;
				GCC_WARN_UNUSED_VARIABLE = YES;
				IPHONEOS_DEPLOYMENT_TARGET = 6.1;
				OTHER_CFLAGS = "-DNS_BLOCK_ASSERTIONS=1";
				SDKROOT = iphoneos;
				VALIDATE_PRODUCT = YES;
			};
			name = Release;
		};
		2B6223B8173B80FF00E45770 /* Debug */ = {
			isa = XCBuildConfiguration;
			buildSettings = {
				CODE_SIGN_IDENTITY = "iPhone Developer: NIrav Vora (M9BKQMNG4N)";
				"CODE_SIGN_IDENTITY[sdk=iphoneos*]" = "iPhone Developer: NIrav Vora (M9BKQMNG4N)";
				FRAMEWORK_SEARCH_PATHS = (
					"$(inherited)",
					"\"$(SRCROOT)\"",
				);
				GCC_PRECOMPILE_PREFIX_HEADER = YES;
				GCC_PREFIX_HEADER = "smalltalk/smalltalk-Prefix.pch";
				INFOPLIST_FILE = "smalltalk/smalltalk-Info.plist";
				PRODUCT_NAME = "$(TARGET_NAME)";
				PROVISIONING_PROFILE = "8BA662D7-58EC-4A1F-A799-8AC8B450ACB8";
				"PROVISIONING_PROFILE[sdk=iphoneos*]" = "8BA662D7-58EC-4A1F-A799-8AC8B450ACB8";
				TARGETED_DEVICE_FAMILY = 1;
				VALIDATE_PRODUCT = YES;
				WRAPPER_EXTENSION = app;
			};
			name = Debug;
		};
		2B6223B9173B80FF00E45770 /* Release */ = {
			isa = XCBuildConfiguration;
			buildSettings = {
				CODE_SIGN_IDENTITY = "iPhone Developer: NIrav Vora (M9BKQMNG4N)";
				"CODE_SIGN_IDENTITY[sdk=iphoneos*]" = "iPhone Developer: NIrav Vora (M9BKQMNG4N)";
				FRAMEWORK_SEARCH_PATHS = (
					"$(inherited)",
					"\"$(SRCROOT)\"",
				);
				GCC_PRECOMPILE_PREFIX_HEADER = YES;
				GCC_PREFIX_HEADER = "smalltalk/smalltalk-Prefix.pch";
				INFOPLIST_FILE = "smalltalk/smalltalk-Info.plist";
				PRODUCT_NAME = "$(TARGET_NAME)";
				PROVISIONING_PROFILE = "8BA662D7-58EC-4A1F-A799-8AC8B450ACB8";
				"PROVISIONING_PROFILE[sdk=iphoneos*]" = "8BA662D7-58EC-4A1F-A799-8AC8B450ACB8";
				TARGETED_DEVICE_FAMILY = 1;
				VALIDATE_PRODUCT = YES;
				WRAPPER_EXTENSION = app;
			};
			name = Release;
		};
/* End XCBuildConfiguration section */

/* Begin XCConfigurationList section */
		2B62238F173B80FF00E45770 /* Build configuration list for PBXProject "smalltalk" */ = {
			isa = XCConfigurationList;
			buildConfigurations = (
				2B6223B5173B80FF00E45770 /* Debug */,
				2B6223B6173B80FF00E45770 /* Release */,
			);
			defaultConfigurationIsVisible = 0;
			defaultConfigurationName = Release;
		};
		2B6223B7173B80FF00E45770 /* Build configuration list for PBXNativeTarget "smalltalk" */ = {
			isa = XCConfigurationList;
			buildConfigurations = (
				2B6223B8173B80FF00E45770 /* Debug */,
				2B6223B9173B80FF00E45770 /* Release */,
			);
			defaultConfigurationIsVisible = 0;
			defaultConfigurationName = Release;
		};
/* End XCConfigurationList section */
	};
	rootObject = 2B62238C173B80FF00E45770 /* Project object */;
}
