// !$*UTF8*$!
{
	archiveVersion = 1;
	classes = {
	};
	objectVersion = 46;
	objects = {

/* Begin PBXBuildFile section */
		2B47FFC1173B91AB00A243BE /* FacebookSDKResources.bundle in Resources */ = {isa = PBXBuildFile; fileRef = 2B47FFC0173B91AB00A243BE /* FacebookSDKResources.bundle */; };
		2B47FFC3173B925500A243BE /* FacebookSDK.framework in Frameworks */ = {isa = PBXBuildFile; fileRef = 2B47FFC2173B925500A243BE /* FacebookSDK.framework */; };
		2B47FFC5173B927800A243BE /* Accounts.framework in Frameworks */ = {isa = PBXBuildFile; fileRef = 2B47FFC4173B927800A243BE /* Accounts.framework */; };
		2B47FFC7173B928300A243BE /* libsqlite3.dylib in Frameworks */ = {isa = PBXBuildFile; fileRef = 2B47FFC6173B928300A243BE /* libsqlite3.dylib */; };
		2B47FFC9173B928C00A243BE /* Security.framework in Frameworks */ = {isa = PBXBuildFile; fileRef = 2B47FFC8173B928C00A243BE /* Security.framework */; };
		2B47FFCB173B929100A243BE /* Social.framework in Frameworks */ = {isa = PBXBuildFile; fileRef = 2B47FFCA173B929100A243BE /* Social.framework */; };
		2B47FFD1173BA07500A243BE /* FBHelper.m in Sources */ = {isa = PBXBuildFile; fileRef = 2B47FFD0173BA07500A243BE /* FBHelper.m */; };
		2B47FFD5173BA28600A243BE /* HomeViewController.m in Sources */ = {isa = PBXBuildFile; fileRef = 2B47FFD3173BA28600A243BE /* HomeViewController.m */; };
		2B47FFD6173BA28600A243BE /* HomeViewController.xib in Resources */ = {isa = PBXBuildFile; fileRef = 2B47FFD4173BA28600A243BE /* HomeViewController.xib */; };
		2B47FFD9173BA58F00A243BE /* AdSupport.framework in Frameworks */ = {isa = PBXBuildFile; fileRef = 2B47FFD8173BA58F00A243BE /* AdSupport.framework */; };
		2B622398173B80FF00E45770 /* UIKit.framework in Frameworks */ = {isa = PBXBuildFile; fileRef = 2B622397173B80FF00E45770 /* UIKit.framework */; };
		2B62239A173B80FF00E45770 /* Foundation.framework in Frameworks */ = {isa = PBXBuildFile; fileRef = 2B622399173B80FF00E45770 /* Foundation.framework */; };
		2B62239C173B80FF00E45770 /* CoreGraphics.framework in Frameworks */ = {isa = PBXBuildFile; fileRef = 2B62239B173B80FF00E45770 /* CoreGraphics.framework */; };
		2B6223A2173B80FF00E45770 /* InfoPlist.strings in Resources */ = {isa = PBXBuildFile; fileRef = 2B6223A0173B80FF00E45770 /* InfoPlist.strings */; };
		2B6223A4173B80FF00E45770 /* main.m in Sources */ = {isa = PBXBuildFile; fileRef = 2B6223A3173B80FF00E45770 /* main.m */; };
		2B6223A8173B80FF00E45770 /* AppDelegate.m in Sources */ = {isa = PBXBuildFile; fileRef = 2B6223A7173B80FF00E45770 /* AppDelegate.m */; };
		2B6223AA173B80FF00E45770 /* Default.png in Resources */ = {isa = PBXBuildFile; fileRef = 2B6223A9173B80FF00E45770 /* Default.png */; };
		2B6223AC173B80FF00E45770 /* Default@2x.png in Resources */ = {isa = PBXBuildFile; fileRef = 2B6223AB173B80FF00E45770 /* Default@2x.png */; };
		2B6223AE173B80FF00E45770 /* Default-568h@2x.png in Resources */ = {isa = PBXBuildFile; fileRef = 2B6223AD173B80FF00E45770 /* Default-568h@2x.png */; };
		2B6223B1173B80FF00E45770 /* MainStoryboard.storyboard in Resources */ = {isa = PBXBuildFile; fileRef = 2B6223AF173B80FF00E45770 /* MainStoryboard.storyboard */; };
		2B6223B4173B80FF00E45770 /* ViewController.m in Sources */ = {isa = PBXBuildFile; fileRef = 2B6223B3173B80FF00E45770 /* ViewController.m */; };
		2B6223BB173B817200E45770 /* CoreLocation.framework in Frameworks */ = {isa = PBXBuildFile; fileRef = 2B6223BA173B817200E45770 /* CoreLocation.framework */; };
		2B6223BF173B84B400E45770 /* LoginViewController.m in Sources */ = {isa = PBXBuildFile; fileRef = 2B6223BD173B84B400E45770 /* LoginViewController.m */; };
		2B6223C0173B84B400E45770 /* LoginViewController.xib in Resources */ = {isa = PBXBuildFile; fileRef = 2B6223BE173B84B400E45770 /* LoginViewController.xib */; };
		41371F97173DA1EF00C90900 /* Location.m in Sources */ = {isa = PBXBuildFile; fileRef = 41371F96173DA1EF00C90900 /* Location.m */; };
		41371F9A173DC4E600C90900 /* Constants.m in Sources */ = {isa = PBXBuildFile; fileRef = 41371F99173DC4E600C90900 /* Constants.m */; };
		41371FA0173DC59900C90900 /* MyFeedViewController.m in Sources */ = {isa = PBXBuildFile; fileRef = 41371F9E173DC59900C90900 /* MyFeedViewController.m */; };
		41371FA1173DC59900C90900 /* MyFeedViewController.xib in Resources */ = {isa = PBXBuildFile; fileRef = 41371F9F173DC59900C90900 /* MyFeedViewController.xib */; };
/* End PBXBuildFile section */

/* Begin PBXFileReference section */
		2B47FFC0173B91AB00A243BE /* FacebookSDKResources.bundle */ = {isa = PBXFileReference; lastKnownFileType = "wrapper.plug-in"; path = FacebookSDKResources.bundle; sourceTree = "<group>"; };
		2B47FFC2173B925500A243BE /* FacebookSDK.framework */ = {isa = PBXFileReference; lastKnownFileType = wrapper.framework; path = FacebookSDK.framework; sourceTree = "<group>"; };
		2B47FFC4173B927800A243BE /* Accounts.framework */ = {isa = PBXFileReference; lastKnownFileType = wrapper.framework; name = Accounts.framework; path = System/Library/Frameworks/Accounts.framework; sourceTree = SDKROOT; };
		2B47FFC6173B928300A243BE /* libsqlite3.dylib */ = {isa = PBXFileReference; lastKnownFileType = "compiled.mach-o.dylib"; name = libsqlite3.dylib; path = usr/lib/libsqlite3.dylib; sourceTree = SDKROOT; };
		2B47FFC8173B928C00A243BE /* Security.framework */ = {isa = PBXFileReference; lastKnownFileType = wrapper.framework; name = Security.framework; path = System/Library/Frameworks/Security.framework; sourceTree = SDKROOT; };
		2B47FFCA173B929100A243BE /* Social.framework */ = {isa = PBXFileReference; lastKnownFileType = wrapper.framework; name = Social.framework; path = System/Library/Frameworks/Social.framework; sourceTree = SDKROOT; };
		2B47FFCF173BA07500A243BE /* FBHelper.h */ = {isa = PBXFileReference; fileEncoding = 4; lastKnownFileType = sourcecode.c.h; name = FBHelper.h; path = Facebook/FBHelper.h; sourceTree = "<group>"; };
		2B47FFD0173BA07500A243BE /* FBHelper.m */ = {isa = PBXFileReference; fileEncoding = 4; lastKnownFileType = sourcecode.c.objc; name = FBHelper.m; path = Facebook/FBHelper.m; sourceTree = "<group>"; };
		2B47FFD2173BA28600A243BE /* HomeViewController.h */ = {isa = PBXFileReference; fileEncoding = 4; lastKnownFileType = sourcecode.c.h; name = HomeViewController.h; path = smalltalk/Home/HomeViewController.h; sourceTree = "<group>"; };
		2B47FFD3173BA28600A243BE /* HomeViewController.m */ = {isa = PBXFileReference; fileEncoding = 4; lastKnownFileType = sourcecode.c.objc; name = HomeViewController.m; path = smalltalk/Home/HomeViewController.m; sourceTree = "<group>"; };
		2B47FFD4173BA28600A243BE /* HomeViewController.xib */ = {isa = PBXFileReference; fileEncoding = 4; lastKnownFileType = file.xib; name = HomeViewController.xib; path = smalltalk/Home/HomeViewController.xib; sourceTree = "<group>"; };
		2B47FFD8173BA58F00A243BE /* AdSupport.framework */ = {isa = PBXFileReference; lastKnownFileType = wrapper.framework; name = AdSupport.framework; path = System/Library/Frameworks/AdSupport.framework; sourceTree = SDKROOT; };
		2B622394173B80FF00E45770 /* smalltalk.app */ = {isa = PBXFileReference; explicitFileType = wrapper.application; includeInIndex = 0; path = smalltalk.app; sourceTree = BUILT_PRODUCTS_DIR; };
		2B622397173B80FF00E45770 /* UIKit.framework */ = {isa = PBXFileReference; lastKnownFileType = wrapper.framework; name = UIKit.framework; path = System/Library/Frameworks/UIKit.framework; sourceTree = SDKROOT; };
		2B622399173B80FF00E45770 /* Foundation.framework */ = {isa = PBXFileReference; lastKnownFileType = wrapper.framework; name = Foundation.framework; path = System/Library/Frameworks/Foundation.framework; sourceTree = SDKROOT; };
		2B62239B173B80FF00E45770 /* CoreGraphics.framework */ = {isa = PBXFileReference; lastKnownFileType = wrapper.framework; name = CoreGraphics.framework; path = System/Library/Frameworks/CoreGraphics.framework; sourceTree = SDKROOT; };
		2B62239F173B80FF00E45770 /* smalltalk-Info.plist */ = {isa = PBXFileReference; lastKnownFileType = text.plist.xml; path = "smalltalk-Info.plist"; sourceTree = "<group>"; };
		2B6223A1173B80FF00E45770 /* en */ = {isa = PBXFileReference; lastKnownFileType = text.plist.strings; name = en; path = en.lproj/InfoPlist.strings; sourceTree = "<group>"; };
		2B6223A3173B80FF00E45770 /* main.m */ = {isa = PBXFileReference; lastKnownFileType = sourcecode.c.objc; path = main.m; sourceTree = "<group>"; };
		2B6223A5173B80FF00E45770 /* smalltalk-Prefix.pch */ = {isa = PBXFileReference; lastKnownFileType = sourcecode.c.h; path = "smalltalk-Prefix.pch"; sourceTree = "<group>"; };
		2B6223A6173B80FF00E45770 /* AppDelegate.h */ = {isa = PBXFileReference; lastKnownFileType = sourcecode.c.h; path = AppDelegate.h; sourceTree = "<group>"; };
		2B6223A7173B80FF00E45770 /* AppDelegate.m */ = {isa = PBXFileReference; lastKnownFileType = sourcecode.c.objc; path = AppDelegate.m; sourceTree = "<group>"; };
		2B6223A9173B80FF00E45770 /* Default.png */ = {isa = PBXFileReference; lastKnownFileType = image.png; path = Default.png; sourceTree = "<group>"; };
		2B6223AB173B80FF00E45770 /* Default@2x.png */ = {isa = PBXFileReference; lastKnownFileType = image.png; path = "Default@2x.png"; sourceTree = "<group>"; };
		2B6223AD173B80FF00E45770 /* Default-568h@2x.png */ = {isa = PBXFileReference; lastKnownFileType = image.png; path = "Default-568h@2x.png"; sourceTree = "<group>"; };
		2B6223B0173B80FF00E45770 /* en */ = {isa = PBXFileReference; lastKnownFileType = file.storyboard; name = en; path = en.lproj/MainStoryboard.storyboard; sourceTree = "<group>"; };
		2B6223B2173B80FF00E45770 /* ViewController.h */ = {isa = PBXFileReference; lastKnownFileType = sourcecode.c.h; path = ViewController.h; sourceTree = "<group>"; };
		2B6223B3173B80FF00E45770 /* ViewController.m */ = {isa = PBXFileReference; lastKnownFileType = sourcecode.c.objc; path = ViewController.m; sourceTree = "<group>"; };
		2B6223BA173B817200E45770 /* CoreLocation.framework */ = {isa = PBXFileReference; lastKnownFileType = wrapper.framework; name = CoreLocation.framework; path = System/Library/Frameworks/CoreLocation.framework; sourceTree = SDKROOT; };
		2B6223BC173B84B400E45770 /* LoginViewController.h */ = {isa = PBXFileReference; fileEncoding = 4; lastKnownFileType = sourcecode.c.h; name = LoginViewController.h; path = Login/LoginViewController.h; sourceTree = "<group>"; };
		2B6223BD173B84B400E45770 /* LoginViewController.m */ = {isa = PBXFileReference; fileEncoding = 4; lastKnownFileType = sourcecode.c.objc; name = LoginViewController.m; path = Login/LoginViewController.m; sourceTree = "<group>"; };
		2B6223BE173B84B400E45770 /* LoginViewController.xib */ = {isa = PBXFileReference; fileEncoding = 4; lastKnownFileType = file.xib; name = LoginViewController.xib; path = Login/LoginViewController.xib; sourceTree = "<group>"; };
		41371F95173DA1EF00C90900 /* Location.h */ = {isa = PBXFileReference; fileEncoding = 4; lastKnownFileType = sourcecode.c.h; name = Location.h; path = Facebook/Location.h; sourceTree = "<group>"; };
		41371F96173DA1EF00C90900 /* Location.m */ = {isa = PBXFileReference; fileEncoding = 4; lastKnownFileType = sourcecode.c.objc; name = Location.m; path = Facebook/Location.m; sourceTree = "<group>"; };
		41371F98173DC4E600C90900 /* Constants.h */ = {isa = PBXFileReference; fileEncoding = 4; lastKnownFileType = sourcecode.c.h; name = Constants.h; path = Helper/Constants.h; sourceTree = "<group>"; };
		41371F99173DC4E600C90900 /* Constants.m */ = {isa = PBXFileReference; fileEncoding = 4; lastKnownFileType = sourcecode.c.objc; name = Constants.m; path = Helper/Constants.m; sourceTree = "<group>"; };
		41371F9D173DC59900C90900 /* MyFeedViewController.h */ = {isa = PBXFileReference; fileEncoding = 4; lastKnownFileType = sourcecode.c.h; path = MyFeedViewController.h; sourceTree = "<group>"; };
		41371F9E173DC59900C90900 /* MyFeedViewController.m */ = {isa = PBXFileReference; fileEncoding = 4; lastKnownFileType = sourcecode.c.objc; path = MyFeedViewController.m; sourceTree = "<group>"; };
		41371F9F173DC59900C90900 /* MyFeedViewController.xib */ = {isa = PBXFileReference; fileEncoding = 4; lastKnownFileType = file.xib; path = MyFeedViewController.xib; sourceTree = "<group>"; };
/* End PBXFileReference section */

/* Begin PBXFrameworksBuildPhase section */
		2B622391173B80FF00E45770 /* Frameworks */ = {
			isa = PBXFrameworksBuildPhase;
			buildActionMask = 2147483647;
			files = (
				2B6223BB173B817200E45770 /* CoreLocation.framework in Frameworks */,
				2B47FFD9173BA58F00A243BE /* AdSupport.framework in Frameworks */,
				2B47FFCB173B929100A243BE /* Social.framework in Frameworks */,
				2B47FFC9173B928C00A243BE /* Security.framework in Frameworks */,
				2B47FFC7173B928300A243BE /* libsqlite3.dylib in Frameworks */,
				2B47FFC5173B927800A243BE /* Accounts.framework in Frameworks */,
				2B622398173B80FF00E45770 /* UIKit.framework in Frameworks */,
				2B62239A173B80FF00E45770 /* Foundation.framework in Frameworks */,
				2B62239C173B80FF00E45770 /* CoreGraphics.framework in Frameworks */,
				2B47FFC3173B925500A243BE /* FacebookSDK.framework in Frameworks */,
			);
			runOnlyForDeploymentPostprocessing = 0;
		};
/* End PBXFrameworksBuildPhase section */

/* Begin PBXGroup section */
		2B47FFCC173BA00000A243BE /* Helper */ = {
			isa = PBXGroup;
			children = (
				41371F9B173DC55600C90900 /* QA */,
				2B47FFCF173BA07500A243BE /* FBHelper.h */,
				2B47FFD0173BA07500A243BE /* FBHelper.m */,
				41371F95173DA1EF00C90900 /* Location.h */,
				41371F96173DA1EF00C90900 /* Location.m */,
				41371F98173DC4E600C90900 /* Constants.h */,
				41371F99173DC4E600C90900 /* Constants.m */,
			);
			name = Helper;
			sourceTree = "<group>";
		};
		2B47FFCD173BA01000A243BE /* AppDelegate */ = {
			isa = PBXGroup;
			children = (
				2B6223B2173B80FF00E45770 /* ViewController.h */,
				2B6223B3173B80FF00E45770 /* ViewController.m */,
				2B6223AF173B80FF00E45770 /* MainStoryboard.storyboard */,
				2B6223A6173B80FF00E45770 /* AppDelegate.h */,
				2B6223A7173B80FF00E45770 /* AppDelegate.m */,
			);
			name = AppDelegate;
			sourceTree = "<group>";
		};
		2B47FFCE173BA02E00A243BE /* Login */ = {
			isa = PBXGroup;
			children = (
				2B6223BC173B84B400E45770 /* LoginViewController.h */,
				2B6223BD173B84B400E45770 /* LoginViewController.m */,
				2B6223BE173B84B400E45770 /* LoginViewController.xib */,
			);
			name = Login;
			sourceTree = "<group>";
		};
		2B47FFD7173BA28F00A243BE /* Home */ = {
			isa = PBXGroup;
			children = (
				2B47FFD2173BA28600A243BE /* HomeViewController.h */,
				2B47FFD3173BA28600A243BE /* HomeViewController.m */,
				2B47FFD4173BA28600A243BE /* HomeViewController.xib */,
			);
			name = Home;
			path = ..;
			sourceTree = "<group>";
		};
		2B62238B173B80FF00E45770 = {
			isa = PBXGroup;
			children = (
				2B62239D173B80FF00E45770 /* smalltalk */,
				2B622396173B80FF00E45770 /* Frameworks */,
				2B622395173B80FF00E45770 /* Products */,
			);
			sourceTree = "<group>";
		};
		2B622395173B80FF00E45770 /* Products */ = {
			isa = PBXGroup;
			children = (
				2B622394173B80FF00E45770 /* smalltalk.app */,
			);
			name = Products;
			sourceTree = "<group>";
		};
		2B622396173B80FF00E45770 /* Frameworks */ = {
			isa = PBXGroup;
			children = (
				2B47FFD8173BA58F00A243BE /* AdSupport.framework */,
				2B47FFCA173B929100A243BE /* Social.framework */,
				2B47FFC8173B928C00A243BE /* Security.framework */,
				2B47FFC6173B928300A243BE /* libsqlite3.dylib */,
				2B47FFC4173B927800A243BE /* Accounts.framework */,
				2B47FFC0173B91AB00A243BE /* FacebookSDKResources.bundle */,
				2B6223BA173B817200E45770 /* CoreLocation.framework */,
				2B47FFC2173B925500A243BE /* FacebookSDK.framework */,
				2B622397173B80FF00E45770 /* UIKit.framework */,
				2B622399173B80FF00E45770 /* Foundation.framework */,
				2B62239B173B80FF00E45770 /* CoreGraphics.framework */,
			);
			name = Frameworks;
			sourceTree = "<group>";
		};
		2B62239D173B80FF00E45770 /* smalltalk */ = {
			isa = PBXGroup;
			children = (
				41371F9C173DC57F00C90900 /* MyFeed */,
				2B47FFD7173BA28F00A243BE /* Home */,
				2B47FFCD173BA01000A243BE /* AppDelegate */,
				2B47FFCC173BA00000A243BE /* Helper */,
				2B62239E173B80FF00E45770 /* Supporting Files */,
				2B47FFCE173BA02E00A243BE /* Login */,
			);
			path = smalltalk;
			sourceTree = "<group>";
		};
		2B62239E173B80FF00E45770 /* Supporting Files */ = {
			isa = PBXGroup;
			children = (
				2B62239F173B80FF00E45770 /* smalltalk-Info.plist */,
				2B6223A0173B80FF00E45770 /* InfoPlist.strings */,
				2B6223A3173B80FF00E45770 /* main.m */,
				2B6223A5173B80FF00E45770 /* smalltalk-Prefix.pch */,
				2B6223A9173B80FF00E45770 /* Default.png */,
				2B6223AB173B80FF00E45770 /* Default@2x.png */,
				2B6223AD173B80FF00E45770 /* Default-568h@2x.png */,
			);
			name = "Supporting Files";
			sourceTree = "<group>";
		};
		41371F9B173DC55600C90900 /* QA */ = {
			isa = PBXGroup;
			children = (
			);
			name = QA;
			sourceTree = "<group>";
		};
		41371F9C173DC57F00C90900 /* MyFeed */ = {
			isa = PBXGroup;
			children = (
				41371F9D173DC59900C90900 /* MyFeedViewController.h */,
				41371F9E173DC59900C90900 /* MyFeedViewController.m */,
				41371F9F173DC59900C90900 /* MyFeedViewController.xib */,
			);
			path = MyFeed;
			sourceTree = "<group>";
		};
/* End PBXGroup section */

/* Begin PBXNativeTarget section */
		2B622393173B80FF00E45770 /* smalltalk */ = {
			isa = PBXNativeTarget;
			buildConfigurationList = 2B6223B7173B80FF00E45770 /* Build configuration list for PBXNativeTarget "smalltalk" */;
			buildPhases = (
				2B622390173B80FF00E45770 /* Sources */,
				2B622391173B80FF00E45770 /* Frameworks */,
				2B622392173B80FF00E45770 /* Resources */,
			);
			buildRules = (
			);
			dependencies = (
			);
			name = smalltalk;
			productName = smalltalk;
			productReference = 2B622394173B80FF00E45770 /* smalltalk.app */;
			productType = "com.apple.product-type.application";
		};
/* End PBXNativeTarget section */

/* Begin PBXProject section */
		2B62238C173B80FF00E45770 /* Project object */ = {
			isa = PBXProject;
			attributes = {
				LastUpgradeCheck = 0460;
				ORGANIZATIONNAME = "Prakash Nagarajan";
			};
			buildConfigurationList = 2B62238F173B80FF00E45770 /* Build configuration list for PBXProject "smalltalk" */;
			compatibilityVersion = "Xcode 3.2";
			developmentRegion = English;
			hasScannedForEncodings = 0;
			knownRegions = (
				en,
			);
			mainGroup = 2B62238B173B80FF00E45770;
			productRefGroup = 2B622395173B80FF00E45770 /* Products */;
			projectDirPath = "";
			projectRoot = "";
			targets = (
				2B622393173B80FF00E45770 /* smalltalk */,
			);
		};
/* End PBXProject section */

/* Begin PBXResourcesBuildPhase section */
		2B622392173B80FF00E45770 /* Resources */ = {
			isa = PBXResourcesBuildPhase;
			buildActionMask = 2147483647;
			files = (
				2B6223A2173B80FF00E45770 /* InfoPlist.strings in Resources */,
				2B6223AA173B80FF00E45770 /* Default.png in Resources */,
				2B6223AC173B80FF00E45770 /* Default@2x.png in Resources */,
				2B6223AE173B80FF00E45770 /* Default-568h@2x.png in Resources */,
				2B6223B1173B80FF00E45770 /* MainStoryboard.storyboard in Resources */,
				2B6223C0173B84B400E45770 /* LoginViewController.xib in Resources */,
				2B47FFC1173B91AB00A243BE /* FacebookSDKResources.bundle in Resources */,
				2B47FFD6173BA28600A243BE /* HomeViewController.xib in Resources */,
				41371FA1173DC59900C90900 /* MyFeedViewController.xib in Resources */,
			);
			runOnlyForDeploymentPostprocessing = 0;
		};
/* End PBXResourcesBuildPhase section */

/* Begin PBXSourcesBuildPhase section */
		2B622390173B80FF00E45770 /* Sources */ = {
			isa = PBXSourcesBuildPhase;
			buildActionMask = 2147483647;
			files = (
				2B6223A4173B80FF00E45770 /* main.m in Sources */,
				2B6223A8173B80FF00E45770 /* AppDelegate.m in Sources */,
				2B6223B4173B80FF00E45770 /* ViewController.m in Sources */,
				2B6223BF173B84B400E45770 /* LoginViewController.m in Sources */,
				2B47FFD1173BA07500A243BE /* FBHelper.m in Sources */,
				2B47FFD5173BA28600A243BE /* HomeViewController.m in Sources */,
				41371F97173DA1EF00C90900 /* Location.m in Sources */,
				41371F9A173DC4E600C90900 /* Constants.m in Sources */,
				41371FA0173DC59900C90900 /* MyFeedViewController.m in Sources */,
			);
			runOnlyForDeploymentPostprocessing = 0;
		};
/* End PBXSourcesBuildPhase section */

/* Begin PBXVariantGroup section */
		2B6223A0173B80FF00E45770 /* InfoPlist.strings */ = {
			isa = PBXVariantGroup;
			children = (
				2B6223A1173B80FF00E45770 /* en */,
			);
			name = InfoPlist.strings;
			sourceTree = "<group>";
		};
		2B6223AF173B80FF00E45770 /* MainStoryboard.storyboard */ = {
			isa = PBXVariantGroup;
			children = (
				2B6223B0173B80FF00E45770 /* en */,
			);
			name = MainStoryboard.storyboard;
			sourceTree = "<group>";
		};
/* End PBXVariantGroup section */

/* Begin XCBuildConfiguration section */
		2B6223B5173B80FF00E45770 /* Debug */ = {
			isa = XCBuildConfiguration;
			buildSettings = {
				ALWAYS_SEARCH_USER_PATHS = NO;
				CLANG_CXX_LANGUAGE_STANDARD = "gnu++0x";
				CLANG_CXX_LIBRARY = "libc++";
				CLANG_ENABLE_OBJC_ARC = YES;
				CLANG_WARN_CONSTANT_CONVERSION = YES;
				CLANG_WARN_EMPTY_BODY = YES;
				CLANG_WARN_ENUM_CONVERSION = YES;
				CLANG_WARN_INT_CONVERSION = YES;
				CLANG_WARN__DUPLICATE_METHOD_MATCH = YES;
				"CODE_SIGN_IDENTITY[sdk=iphoneos*]" = "iPhone Developer";
				COPY_PHASE_STRIP = NO;
				GCC_C_LANGUAGE_STANDARD = gnu99;
				GCC_DYNAMIC_NO_PIC = NO;
				GCC_OPTIMIZATION_LEVEL = 0;
				GCC_PREPROCESSOR_DEFINITIONS = (
					"DEBUG=1",
					"$(inherited)",
				);
				GCC_SYMBOLS_PRIVATE_EXTERN = NO;
				GCC_WARN_ABOUT_RETURN_TYPE = YES;
				GCC_WARN_UNINITIALIZED_AUTOS = YES;
				GCC_WARN_UNUSED_VARIABLE = YES;
				IPHONEOS_DEPLOYMENT_TARGET = 6.1;
				ONLY_ACTIVE_ARCH = YES;
				SDKROOT = iphoneos;
			};
			name = Debug;
		};
		2B6223B6173B80FF00E45770 /* Release */ = {
			isa = XCBuildConfiguration;
			buildSettings = {
				ALWAYS_SEARCH_USER_PATHS = NO;
				CLANG_CXX_LANGUAGE_STANDARD = "gnu++0x";
				CLANG_CXX_LIBRARY = "libc++";
				CLANG_ENABLE_OBJC_ARC = YES;
				CLANG_WARN_CONSTANT_CONVERSION = YES;
				CLANG_WARN_EMPTY_BODY = YES;
				CLANG_WARN_ENUM_CONVERSION = YES;
				CLANG_WARN_INT_CONVERSION = YES;
				CLANG_WARN__DUPLICATE_METHOD_MATCH = YES;
				"CODE_SIGN_IDENTITY[sdk=iphoneos*]" = "iPhone Developer";
				COPY_PHASE_STRIP = YES;
				GCC_C_LANGUAGE_STANDARD = gnu99;
				GCC_WARN_ABOUT_RETURN_TYPE = YES;
				GCC_WARN_UNINITIALIZED_AUTOS = YES;
				GCC_WARN_UNUSED_VARIABLE = YES;
				IPHONEOS_DEPLOYMENT_TARGET = 6.1;
				OTHER_CFLAGS = "-DNS_BLOCK_ASSERTIONS=1";
				SDKROOT = iphoneos;
				VALIDATE_PRODUCT = YES;
			};
			name = Release;
		};
		2B6223B8173B80FF00E45770 /* Debug */ = {
			isa = XCBuildConfiguration;
			buildSettings = {
				CODE_SIGN_IDENTITY = "iPhone Developer: Ankur Kothari (99DZ37BYTG)";
				"CODE_SIGN_IDENTITY[sdk=iphoneos*]" = "iPhone Developer: Ankur Kothari (99DZ37BYTG)";
				FRAMEWORK_SEARCH_PATHS = (
					"$(inherited)",
					"\"$(SRCROOT)\"",
				);
				GCC_PRECOMPILE_PREFIX_HEADER = YES;
				GCC_PREFIX_HEADER = "smalltalk/smalltalk-Prefix.pch";
				INFOPLIST_FILE = "smalltalk/smalltalk-Info.plist";
				PRODUCT_NAME = "$(TARGET_NAME)";
				PROVISIONING_PROFILE = "C3FD8CB9-9046-4956-9738-4DD7FF10AF8C";
				"PROVISIONING_PROFILE[sdk=iphoneos*]" = "C3FD8CB9-9046-4956-9738-4DD7FF10AF8C";
				TARGETED_DEVICE_FAMILY = 1;
				WRAPPER_EXTENSION = app;
			};
			name = Debug;
		};
		2B6223B9173B80FF00E45770 /* Release */ = {
			isa = XCBuildConfiguration;
			buildSettings = {
				CODE_SIGN_IDENTITY = "iPhone Developer: Ankur Kothari (99DZ37BYTG)";
				"CODE_SIGN_IDENTITY[sdk=iphoneos*]" = "iPhone Developer: Ankur Kothari (99DZ37BYTG)";
				FRAMEWORK_SEARCH_PATHS = (
					"$(inherited)",
					"\"$(SRCROOT)\"",
				);
				GCC_PRECOMPILE_PREFIX_HEADER = YES;
				GCC_PREFIX_HEADER = "smalltalk/smalltalk-Prefix.pch";
				INFOPLIST_FILE = "smalltalk/smalltalk-Info.plist";
				PRODUCT_NAME = "$(TARGET_NAME)";
				PROVISIONING_PROFILE = "C3FD8CB9-9046-4956-9738-4DD7FF10AF8C";
				"PROVISIONING_PROFILE[sdk=iphoneos*]" = "C3FD8CB9-9046-4956-9738-4DD7FF10AF8C";
				TARGETED_DEVICE_FAMILY = 1;
				WRAPPER_EXTENSION = app;
			};
			name = Release;
		};
/* End XCBuildConfiguration section */

/* Begin XCConfigurationList section */
		2B62238F173B80FF00E45770 /* Build configuration list for PBXProject "smalltalk" */ = {
			isa = XCConfigurationList;
			buildConfigurations = (
				2B6223B5173B80FF00E45770 /* Debug */,
				2B6223B6173B80FF00E45770 /* Release */,
			);
			defaultConfigurationIsVisible = 0;
			defaultConfigurationName = Release;
		};
		2B6223B7173B80FF00E45770 /* Build configuration list for PBXNativeTarget "smalltalk" */ = {
			isa = XCConfigurationList;
			buildConfigurations = (
				2B6223B8173B80FF00E45770 /* Debug */,
				2B6223B9173B80FF00E45770 /* Release */,
			);
			defaultConfigurationIsVisible = 0;
			defaultConfigurationName = Release;
		};
/* End XCConfigurationList section */
	};
	rootObject = 2B62238C173B80FF00E45770 /* Project object */;
}
